Microsoft Visual Studio Solution File, Format Version 12.00
# Visual Studio Version 17
VisualStudioVersion = 17.3.32929.385
MinimumVisualStudioVersion = 10.0.40219.1
Project("{8BC9CEB8-8B4A-11D0-8D11-00A0C91BC942}") = "Client", "Project\Client\Client.vcxproj", "{96A12F2B-F2E6-4AAA-8EB7-5F163384DA7B}"
	ProjectSection(ProjectDependencies) = postProject
		{21A88A28-1D80-42F7-B922-B4CED888E26F} = {21A88A28-1D80-42F7-B922-B4CED888E26F}
		{6BF45ED1-4F33-49AE-8FAE-B84ACB919FB2} = {6BF45ED1-4F33-49AE-8FAE-B84ACB919FB2}
		{7E0E511C-FB50-47F0-B655-99DC30AB0FE5} = {7E0E511C-FB50-47F0-B655-99DC30AB0FE5}
	EndProjectSection
EndProject
Project("{8BC9CEB8-8B4A-11D0-8D11-00A0C91BC942}") = "Engine", "Project\Engine\Engine.vcxproj", "{7E0E511C-FB50-47F0-B655-99DC30AB0FE5}"
	ProjectSection(ProjectDependencies) = postProject
		{21A88A28-1D80-42F7-B922-B4CED888E26F} = {21A88A28-1D80-42F7-B922-B4CED888E26F}
		{6AD4B99B-9BDC-41F1-9E70-E30819BC0762} = {6AD4B99B-9BDC-41F1-9E70-E30819BC0762}
		{C751E21F-DBD1-48E1-9D99-D2C9178630A6} = {C751E21F-DBD1-48E1-9D99-D2C9178630A6}
	EndProjectSection
EndProject
Project("{8BC9CEB8-8B4A-11D0-8D11-00A0C91BC942}") = "z_DirectXTex", "Project\DirectXTex\DirectXTex_Desktop_2022.vcxproj", "{6AD4B99B-9BDC-41F1-9E70-E30819BC0762}"
EndProject
Project("{8BC9CEB8-8B4A-11D0-8D11-00A0C91BC942}") = "Script", "Project\Script\Script.vcxproj", "{6BF45ED1-4F33-49AE-8FAE-B84ACB919FB2}"
	ProjectSection(ProjectDependencies) = postProject
		{7E0E511C-FB50-47F0-B655-99DC30AB0FE5} = {7E0E511C-FB50-47F0-B655-99DC30AB0FE5}
		{9AEDA5B3-B43F-455A-A407-1887680E4866} = {9AEDA5B3-B43F-455A-A407-1887680E4866}
	EndProjectSection
EndProject
Project("{8BC9CEB8-8B4A-11D0-8D11-00A0C91BC942}") = "UtilLib_DLL", "Project\UtilLib_DLL\UtilLib.vcxproj", "{21A88A28-1D80-42F7-B922-B4CED888E26F}"
EndProject
Project("{8BC9CEB8-8B4A-11D0-8D11-00A0C91BC942}") = "StormLib_DLL", "Project\StormLib_DLL\StormLib_vs19_dll.vcxproj", "{C751E21F-DBD1-48E1-9D99-D2C9178630A6}"
EndProject
Project("{8BC9CEB8-8B4A-11D0-8D11-00A0C91BC942}") = "CodeGenerator", "Project\CodeGenerator\CodeGenerator.vcxproj", "{9AEDA5B3-B43F-455A-A407-1887680E4866}"
	ProjectSection(ProjectDependencies) = postProject
		{21A88A28-1D80-42F7-B922-B4CED888E26F} = {21A88A28-1D80-42F7-B922-B4CED888E26F}
	EndProjectSection
EndProject
Project("{2150E333-8FDC-42A3-9474-1A3956D46DE8}") = "EnginePart", "EnginePart", "{C4358EC1-14E5-4F29-83DA-77709F7C0F66}"
EndProject
Project("{2150E333-8FDC-42A3-9474-1A3956D46DE8}") = "Other", "Other", "{E7E0319C-E552-4862-A946-ACB38E161153}"
EndProject
Project("{2150E333-8FDC-42A3-9474-1A3956D46DE8}") = "MyProject", "MyProject", "{2CC8B428-346D-4481-B91F-5B4DE69D1848}"
EndProject
Project("{2150E333-8FDC-42A3-9474-1A3956D46DE8}") = "External", "External", "{CF66AB94-0296-42F9-9F8B-DF09FC4800E5}"
EndProject
Global
	GlobalSection(SolutionConfigurationPlatforms) = preSolution
		Debug|x64 = Debug|x64
		Debug|x86 = Debug|x86
		Profile|x64 = Profile|x64
		Profile|x86 = Profile|x86
		Release|x64 = Release|x64
		Release|x86 = Release|x86
	EndGlobalSection
	GlobalSection(ProjectConfigurationPlatforms) = postSolution
		{96A12F2B-F2E6-4AAA-8EB7-5F163384DA7B}.Debug|x64.ActiveCfg = Debug|x64
		{96A12F2B-F2E6-4AAA-8EB7-5F163384DA7B}.Debug|x64.Build.0 = Debug|x64
		{96A12F2B-F2E6-4AAA-8EB7-5F163384DA7B}.Debug|x86.ActiveCfg = Debug|Win32
		{96A12F2B-F2E6-4AAA-8EB7-5F163384DA7B}.Debug|x86.Build.0 = Debug|Win32
		{96A12F2B-F2E6-4AAA-8EB7-5F163384DA7B}.Profile|x64.ActiveCfg = Release|x64
		{96A12F2B-F2E6-4AAA-8EB7-5F163384DA7B}.Profile|x64.Build.0 = Release|x64
		{96A12F2B-F2E6-4AAA-8EB7-5F163384DA7B}.Profile|x86.ActiveCfg = Release|Win32
		{96A12F2B-F2E6-4AAA-8EB7-5F163384DA7B}.Profile|x86.Build.0 = Release|Win32
		{96A12F2B-F2E6-4AAA-8EB7-5F163384DA7B}.Release|x64.ActiveCfg = Release|x64
		{96A12F2B-F2E6-4AAA-8EB7-5F163384DA7B}.Release|x64.Build.0 = Release|x64
		{96A12F2B-F2E6-4AAA-8EB7-5F163384DA7B}.Release|x86.ActiveCfg = Release|Win32
		{96A12F2B-F2E6-4AAA-8EB7-5F163384DA7B}.Release|x86.Build.0 = Release|Win32
		{7E0E511C-FB50-47F0-B655-99DC30AB0FE5}.Debug|x64.ActiveCfg = Debug|x64
		{7E0E511C-FB50-47F0-B655-99DC30AB0FE5}.Debug|x64.Build.0 = Debug|x64
		{7E0E511C-FB50-47F0-B655-99DC30AB0FE5}.Debug|x86.ActiveCfg = Debug|Win32
		{7E0E511C-FB50-47F0-B655-99DC30AB0FE5}.Debug|x86.Build.0 = Debug|Win32
		{7E0E511C-FB50-47F0-B655-99DC30AB0FE5}.Profile|x64.ActiveCfg = Release|x64
		{7E0E511C-FB50-47F0-B655-99DC30AB0FE5}.Profile|x64.Build.0 = Release|x64
		{7E0E511C-FB50-47F0-B655-99DC30AB0FE5}.Profile|x86.ActiveCfg = Release|Win32
		{7E0E511C-FB50-47F0-B655-99DC30AB0FE5}.Profile|x86.Build.0 = Release|Win32
		{7E0E511C-FB50-47F0-B655-99DC30AB0FE5}.Release|x64.ActiveCfg = Release|x64
		{7E0E511C-FB50-47F0-B655-99DC30AB0FE5}.Release|x64.Build.0 = Release|x64
		{7E0E511C-FB50-47F0-B655-99DC30AB0FE5}.Release|x86.ActiveCfg = Release|Win32
		{7E0E511C-FB50-47F0-B655-99DC30AB0FE5}.Release|x86.Build.0 = Release|Win32
		{6AD4B99B-9BDC-41F1-9E70-E30819BC0762}.Debug|x64.ActiveCfg = Debug|x64
		{6AD4B99B-9BDC-41F1-9E70-E30819BC0762}.Debug|x64.Build.0 = Debug|x64
		{6AD4B99B-9BDC-41F1-9E70-E30819BC0762}.Debug|x86.ActiveCfg = Debug|Win32
		{6AD4B99B-9BDC-41F1-9E70-E30819BC0762}.Debug|x86.Build.0 = Debug|Win32
		{6AD4B99B-9BDC-41F1-9E70-E30819BC0762}.Profile|x64.ActiveCfg = Profile|x64
		{6AD4B99B-9BDC-41F1-9E70-E30819BC0762}.Profile|x64.Build.0 = Profile|x64
		{6AD4B99B-9BDC-41F1-9E70-E30819BC0762}.Profile|x86.ActiveCfg = Profile|Win32
		{6AD4B99B-9BDC-41F1-9E70-E30819BC0762}.Profile|x86.Build.0 = Profile|Win32
		{6AD4B99B-9BDC-41F1-9E70-E30819BC0762}.Release|x64.ActiveCfg = Release|x64
		{6AD4B99B-9BDC-41F1-9E70-E30819BC0762}.Release|x64.Build.0 = Release|x64
		{6AD4B99B-9BDC-41F1-9E70-E30819BC0762}.Release|x86.ActiveCfg = Release|Win32
		{6AD4B99B-9BDC-41F1-9E70-E30819BC0762}.Release|x86.Build.0 = Release|Win32
		{6BF45ED1-4F33-49AE-8FAE-B84ACB919FB2}.Debug|x64.ActiveCfg = Debug|x64
		{6BF45ED1-4F33-49AE-8FAE-B84ACB919FB2}.Debug|x64.Build.0 = Debug|x64
		{6BF45ED1-4F33-49AE-8FAE-B84ACB919FB2}.Debug|x86.ActiveCfg = Debug|Win32
		{6BF45ED1-4F33-49AE-8FAE-B84ACB919FB2}.Debug|x86.Build.0 = Debug|Win32
		{6BF45ED1-4F33-49AE-8FAE-B84ACB919FB2}.Profile|x64.ActiveCfg = Debug|x64
		{6BF45ED1-4F33-49AE-8FAE-B84ACB919FB2}.Profile|x64.Build.0 = Debug|x64
		{6BF45ED1-4F33-49AE-8FAE-B84ACB919FB2}.Profile|x86.ActiveCfg = Debug|Win32
		{6BF45ED1-4F33-49AE-8FAE-B84ACB919FB2}.Profile|x86.Build.0 = Debug|Win32
		{6BF45ED1-4F33-49AE-8FAE-B84ACB919FB2}.Release|x64.ActiveCfg = Release|x64
		{6BF45ED1-4F33-49AE-8FAE-B84ACB919FB2}.Release|x64.Build.0 = Release|x64
		{6BF45ED1-4F33-49AE-8FAE-B84ACB919FB2}.Release|x86.ActiveCfg = Release|Win32
		{6BF45ED1-4F33-49AE-8FAE-B84ACB919FB2}.Release|x86.Build.0 = Release|Win32
		{21A88A28-1D80-42F7-B922-B4CED888E26F}.Debug|x64.ActiveCfg = Debug|x64
		{21A88A28-1D80-42F7-B922-B4CED888E26F}.Debug|x64.Build.0 = Debug|x64
		{21A88A28-1D80-42F7-B922-B4CED888E26F}.Debug|x86.ActiveCfg = Debug|Win32
		{21A88A28-1D80-42F7-B922-B4CED888E26F}.Debug|x86.Build.0 = Debug|Win32
		{21A88A28-1D80-42F7-B922-B4CED888E26F}.Profile|x64.ActiveCfg = Debug|x64
		{21A88A28-1D80-42F7-B922-B4CED888E26F}.Profile|x64.Build.0 = Debug|x64
		{21A88A28-1D80-42F7-B922-B4CED888E26F}.Profile|x86.ActiveCfg = Debug|Win32
		{21A88A28-1D80-42F7-B922-B4CED888E26F}.Profile|x86.Build.0 = Debug|Win32
		{21A88A28-1D80-42F7-B922-B4CED888E26F}.Release|x64.ActiveCfg = Release|x64
		{21A88A28-1D80-42F7-B922-B4CED888E26F}.Release|x64.Build.0 = Release|x64
		{21A88A28-1D80-42F7-B922-B4CED888E26F}.Release|x86.ActiveCfg = Release|Win32
		{21A88A28-1D80-42F7-B922-B4CED888E26F}.Release|x86.Build.0 = Release|Win32
		{C751E21F-DBD1-48E1-9D99-D2C9178630A6}.Debug|x64.ActiveCfg = Debug|x64
		{C751E21F-DBD1-48E1-9D99-D2C9178630A6}.Debug|x64.Build.0 = Debug|x64
		{C751E21F-DBD1-48E1-9D99-D2C9178630A6}.Debug|x86.ActiveCfg = Debug|Win32
		{C751E21F-DBD1-48E1-9D99-D2C9178630A6}.Debug|x86.Build.0 = Debug|Win32
		{C751E21F-DBD1-48E1-9D99-D2C9178630A6}.Profile|x64.ActiveCfg = Debug|x64
		{C751E21F-DBD1-48E1-9D99-D2C9178630A6}.Profile|x64.Build.0 = Debug|x64
		{C751E21F-DBD1-48E1-9D99-D2C9178630A6}.Profile|x86.ActiveCfg = Debug|Win32
		{C751E21F-DBD1-48E1-9D99-D2C9178630A6}.Profile|x86.Build.0 = Debug|Win32
		{C751E21F-DBD1-48E1-9D99-D2C9178630A6}.Release|x64.ActiveCfg = Release|x64
		{C751E21F-DBD1-48E1-9D99-D2C9178630A6}.Release|x64.Build.0 = Release|x64
		{C751E21F-DBD1-48E1-9D99-D2C9178630A6}.Release|x86.ActiveCfg = Release|Win32
		{C751E21F-DBD1-48E1-9D99-D2C9178630A6}.Release|x86.Build.0 = Release|Win32
		{9AEDA5B3-B43F-455A-A407-1887680E4866}.Debug|x64.ActiveCfg = Debug|x64
		{9AEDA5B3-B43F-455A-A407-1887680E4866}.Debug|x64.Build.0 = Debug|x64
		{9AEDA5B3-B43F-455A-A407-1887680E4866}.Debug|x86.ActiveCfg = Debug|Win32
		{9AEDA5B3-B43F-455A-A407-1887680E4866}.Debug|x86.Build.0 = Debug|Win32
		{9AEDA5B3-B43F-455A-A407-1887680E4866}.Profile|x64.ActiveCfg = Debug|x64
		{9AEDA5B3-B43F-455A-A407-1887680E4866}.Profile|x64.Build.0 = Debug|x64
		{9AEDA5B3-B43F-455A-A407-1887680E4866}.Profile|x86.ActiveCfg = Debug|Win32
		{9AEDA5B3-B43F-455A-A407-1887680E4866}.Profile|x86.Build.0 = Debug|Win32
		{9AEDA5B3-B43F-455A-A407-1887680E4866}.Release|x64.ActiveCfg = Release|x64
		{9AEDA5B3-B43F-455A-A407-1887680E4866}.Release|x64.Build.0 = Release|x64
		{9AEDA5B3-B43F-455A-A407-1887680E4866}.Release|x86.ActiveCfg = Release|Win32
		{9AEDA5B3-B43F-455A-A407-1887680E4866}.Release|x86.Build.0 = Release|Win32
	EndGlobalSection
	GlobalSection(SolutionProperties) = preSolution
		HideSolutionNode = FALSE
	EndGlobalSection
	GlobalSection(NestedProjects) = preSolution
		{96A12F2B-F2E6-4AAA-8EB7-5F163384DA7B} = {C4358EC1-14E5-4F29-83DA-77709F7C0F66}
		{7E0E511C-FB50-47F0-B655-99DC30AB0FE5} = {C4358EC1-14E5-4F29-83DA-77709F7C0F66}
		{6AD4B99B-9BDC-41F1-9E70-E30819BC0762} = {CF66AB94-0296-42F9-9F8B-DF09FC4800E5}
		{6BF45ED1-4F33-49AE-8FAE-B84ACB919FB2} = {C4358EC1-14E5-4F29-83DA-77709F7C0F66}
		{21A88A28-1D80-42F7-B922-B4CED888E26F} = {2CC8B428-346D-4481-B91F-5B4DE69D1848}
		{C751E21F-DBD1-48E1-9D99-D2C9178630A6} = {CF66AB94-0296-42F9-9F8B-DF09FC4800E5}
		{9AEDA5B3-B43F-455A-A407-1887680E4866} = {2CC8B428-346D-4481-B91F-5B4DE69D1848}
		{2CC8B428-346D-4481-B91F-5B4DE69D1848} = {E7E0319C-E552-4862-A946-ACB38E161153}
		{CF66AB94-0296-42F9-9F8B-DF09FC4800E5} = {E7E0319C-E552-4862-A946-ACB38E161153}
	EndGlobalSection
	GlobalSection(ExtensibilityGlobals) = postSolution
		SolutionGuid = {99FB076F-5F14-456E-93AF-D0FC51B85372}
	EndGlobalSection
EndGlobal
