<?xml version="1.0" encoding="utf-8"?>
<Project ToolsVersion="4.0" xmlns="http://schemas.microsoft.com/developer/msbuild/2003">
  <ItemGroup>
    <Filter Include="Default">
      <UniqueIdentifier>{c7e28112-20dc-47a9-a86e-f6c3dca4836e}</UniqueIdentifier>
    </Filter>
    <Filter Include="ScriptCode">
      <UniqueIdentifier>{03344e37-971f-437d-9e43-79f328581b79}</UniqueIdentifier>
    </Filter>
    <Filter Include="Generated">
      <UniqueIdentifier>{49cc538f-0539-450f-b504-36a1bdf1e9d8}</UniqueIdentifier>
    </Filter>
    <Filter Include="ScriptCode\CScript_SCGroundUnit">
      <UniqueIdentifier>{5370364f-2a10-46f5-816d-ab403a39c31b}</UniqueIdentifier>
    </Filter>
    <Filter Include="ScriptCode\CScript_SCGroundUnit\States">
      <UniqueIdentifier>{98e75fc8-cd7d-49a5-8c90-d0a3ee8e9997}</UniqueIdentifier>
    </Filter>
    <Filter Include="ScriptCode\CScript_SCGroundUnit\Units">
      <UniqueIdentifier>{8d7a5066-2c36-4fff-bcfc-df4b05d0b2c9}</UniqueIdentifier>
    </Filter>
    <Filter Include="ScriptCode\CScript_SCGroundUnit\Components">
      <UniqueIdentifier>{8f550a72-4cfb-4fa4-8e8a-7e5b93a8c5f2}</UniqueIdentifier>
    </Filter>
    <Filter Include="ScriptCode\CScript_SCGroundUnit\Units\Marine">
      <UniqueIdentifier>{21a953b2-d5ca-436f-89b4-c809f71abd4b}</UniqueIdentifier>
    </Filter>
    <Filter Include="ScriptCode\Temp">
      <UniqueIdentifier>{96420542-f5b5-4f92-b9f2-6f02a0634619}</UniqueIdentifier>
    </Filter>
  </ItemGroup>
  <ItemGroup>
    <ClInclude Include="CScript_CameraMove.h">
      <Filter>ScriptCode</Filter>
    </ClInclude>
    <ClInclude Include="CScript_MouseCursor.h">
      <Filter>ScriptCode</Filter>
    </ClInclude>
    <ClInclude Include="CScript_TestObj.h">
      <Filter>ScriptCode</Filter>
    </ClInclude>
    <ClInclude Include="pch.h">
      <Filter>Default</Filter>
    </ClInclude>
    <ClInclude Include="framework.h">
      <Filter>Default</Filter>
    </ClInclude>
    <ClInclude Include="strKeyTexture.h">
      <Filter>Generated</Filter>
    </ClInclude>
    <ClInclude Include="strKeyShader.h">
      <Filter>Generated</Filter>
    </ClInclude>
    <ClInclude Include="strKeyScript.h">
      <Filter>Generated</Filter>
    </ClInclude>
    <ClInclude Include="CSC_Entity.h">
      <Filter>ScriptCode\CScript_SCGroundUnit</Filter>
    </ClInclude>
    <ClInclude Include="define_SCUnit.h">
      <Filter>ScriptCode\CScript_SCGroundUnit</Filter>
    </ClInclude>
    <ClInclude Include="CFState_SCUnit_Attack.h">
      <Filter>ScriptCode\CScript_SCGroundUnit\States</Filter>
    </ClInclude>
    <ClInclude Include="CFState_SCUnit_Idle.h">
      <Filter>ScriptCode\CScript_SCGroundUnit\States</Filter>
    </ClInclude>
    <ClInclude Include="CFState_SCUnit_Move_Ground.h">
      <Filter>ScriptCode\CScript_SCGroundUnit\States</Filter>
    </ClInclude>
    <ClInclude Include="CFState_SCUnit_Move_Hover.h">
      <Filter>ScriptCode\CScript_SCGroundUnit\States</Filter>
    </ClInclude>
    <ClInclude Include="CScriptMgrInitializer.h">
      <Filter>Generated</Filter>
    </ClInclude>
    <ClInclude Include="CFState_SCUnit_Move_Base.h">
      <Filter>ScriptCode\CScript_SCGroundUnit\States</Filter>
    </ClInclude>
    <ClInclude Include="CScript_SCUnitVital.h">
      <Filter>ScriptCode\CScript_SCGroundUnit\Components</Filter>
    </ClInclude>
    <ClInclude Include="CScript_Marine.h">
      <Filter>ScriptCode\CScript_SCGroundUnit\Units\Marine</Filter>
    </ClInclude>
    <ClInclude Include="CFState_SCUnit_AttackBegin.h">
      <Filter>ScriptCode\CScript_SCGroundUnit\States</Filter>
    </ClInclude>
    <ClInclude Include="CFState_SCUnit_AttackEnd.h">
      <Filter>ScriptCode\CScript_SCGroundUnit\States</Filter>
    </ClInclude>
    <ClInclude Include="defineScript.h" />
    <ClInclude Include="CFState_SCUnit_Death.h">
      <Filter>ScriptCode\CScript_SCGroundUnit\States</Filter>
    </ClInclude>
    <ClInclude Include="SCUnitCom_Base.h">
      <Filter>ScriptCode\CScript_SCGroundUnit\Components</Filter>
    </ClInclude>
  </ItemGroup>
  <ItemGroup>
    <ClCompile Include="CScript_CameraMove.cpp">
      <Filter>ScriptCode</Filter>
    </ClCompile>
    <ClCompile Include="CScript_MouseCursor.cpp">
      <Filter>ScriptCode</Filter>
    </ClCompile>
    <ClCompile Include="CScript_TestObj.cpp">
      <Filter>ScriptCode</Filter>
    </ClCompile>
    <ClCompile Include="pch.cpp">
      <Filter>Default</Filter>
    </ClCompile>
    <ClCompile Include="CSC_Entity.cpp">
      <Filter>ScriptCode\CScript_SCGroundUnit</Filter>
    </ClCompile>
    <ClCompile Include="CFState_SCUnit_Attack.cpp">
      <Filter>ScriptCode\CScript_SCGroundUnit\States</Filter>
    </ClCompile>
    <ClCompile Include="CFState_SCUnit_Idle.cpp">
      <Filter>ScriptCode\CScript_SCGroundUnit\States</Filter>
    </ClCompile>
    <ClCompile Include="CFState_SCUnit_Move_Ground.cpp">
      <Filter>ScriptCode\CScript_SCGroundUnit\States</Filter>
    </ClCompile>
    <ClCompile Include="CFState_SCUnit_Move_Hover.cpp">
      <Filter>ScriptCode\CScript_SCGroundUnit\States</Filter>
    </ClCompile>
    <ClCompile Include="CScriptMgrInitializer.cpp">
      <Filter>Generated</Filter>
    </ClCompile>
    <ClCompile Include="CFState_SCUnit_Move_Base.cpp">
      <Filter>ScriptCode\CScript_SCGroundUnit\States</Filter>
    </ClCompile>
    <ClCompile Include="CScript_SCUnitVital.cpp">
      <Filter>ScriptCode\CScript_SCGroundUnit\Components</Filter>
    </ClCompile>
    <ClCompile Include="CScript_Marine.cpp">
      <Filter>ScriptCode\CScript_SCGroundUnit\Units\Marine</Filter>
    </ClCompile>
    <ClCompile Include="CFState_SCUnit_AttackBegin.cpp">
      <Filter>ScriptCode\CScript_SCGroundUnit\States</Filter>
    </ClCompile>
    <ClCompile Include="CFState_SCUnit_AttackEnd.cpp">
      <Filter>ScriptCode\CScript_SCGroundUnit\States</Filter>
    </ClCompile>
    <ClCompile Include="CFState_SCUnit_Death.cpp">
      <Filter>ScriptCode\CScript_SCGroundUnit\States</Filter>
    </ClCompile>
    <ClCompile Include="SCUnitCom_Base.cpp">
      <Filter>ScriptCode\CScript_SCGroundUnit\Components</Filter>
    </ClCompile>
  </ItemGroup>
  <ItemGroup>
    <None Include="cpp.hint" />
  </ItemGroup>
</Project>