<?xml version="1.0" encoding="utf-8"?>
<Project ToolsVersion="4.0" xmlns="http://schemas.microsoft.com/developer/msbuild/2003">
  <ItemGroup>
    <Filter Include="Default">
      <UniqueIdentifier>{c7e28112-20dc-47a9-a86e-f6c3dca4836e}</UniqueIdentifier>
    </Filter>
    <Filter Include="ScriptCode">
      <UniqueIdentifier>{03344e37-971f-437d-9e43-79f328581b79}</UniqueIdentifier>
    </Filter>
    <Filter Include="Generated">
      <UniqueIdentifier>{49cc538f-0539-450f-b504-36a1bdf1e9d8}</UniqueIdentifier>
    </Filter>
    <Filter Include="ScriptCode\SC">
      <UniqueIdentifier>{5370364f-2a10-46f5-816d-ab403a39c31b}</UniqueIdentifier>
    </Filter>
    <Filter Include="ScriptCode\SC\States">
      <UniqueIdentifier>{98e75fc8-cd7d-49a5-8c90-d0a3ee8e9997}</UniqueIdentifier>
    </Filter>
    <Filter Include="ScriptCode\SC\Components">
      <UniqueIdentifier>{8f550a72-4cfb-4fa4-8e8a-7e5b93a8c5f2}</UniqueIdentifier>
    </Filter>
    <Filter Include="_HLSL">
      <UniqueIdentifier>{c72143e5-e398-47fa-b937-937557110e08}</UniqueIdentifier>
    </Filter>
    <Filter Include="_HLSL\GS">
      <UniqueIdentifier>{c1c9649a-62ed-4d17-b5c0-4ac74b7b0e1c}</UniqueIdentifier>
    </Filter>
    <Filter Include="_HLSL\CS">
      <UniqueIdentifier>{805478a2-22c2-461a-af65-1102340e4a12}</UniqueIdentifier>
    </Filter>
    <Filter Include="_HLSL\CS\CS_Particle_Raindrop">
      <UniqueIdentifier>{4ea34f20-3e1d-4f01-8892-fb8df30a4eee}</UniqueIdentifier>
    </Filter>
    <Filter Include="_HLSL\CS\CS_SCMapLoader">
      <UniqueIdentifier>{c632b493-7510-4dbf-aa3b-aa50750dcb62}</UniqueIdentifier>
    </Filter>
    <Filter Include="_HLSL\GS\SCUnitGround">
      <UniqueIdentifier>{a62b3720-accb-4c0a-a09d-15f8e17d6ee6}</UniqueIdentifier>
    </Filter>
    <Filter Include="_HLSL\GS\TilemapSC">
      <UniqueIdentifier>{7a5ed414-bae0-42f2-ba04-20610c05c470}</UniqueIdentifier>
    </Filter>
    <Filter Include="ScriptCode\SC\Tilemap">
      <UniqueIdentifier>{f6b2b3ba-ec7d-4256-be18-b13227f7810a}</UniqueIdentifier>
    </Filter>
  </ItemGroup>
  <ItemGroup>
    <ClInclude Include="Script_CameraMove.h">
      <Filter>ScriptCode</Filter>
    </ClInclude>
    <ClInclude Include="Script_MouseCursor.h">
      <Filter>ScriptCode</Filter>
    </ClInclude>
    <ClInclude Include="Script_TestObj.h">
      <Filter>ScriptCode</Filter>
    </ClInclude>
    <ClInclude Include="pch.h">
      <Filter>Default</Filter>
    </ClInclude>
    <ClInclude Include="framework.h">
      <Filter>Default</Filter>
    </ClInclude>
    <ClInclude Include="Script_SCEntity.h">
      <Filter>ScriptCode\SC</Filter>
    </ClInclude>
    <ClInclude Include="Script_FSM_Idle.h">
      <Filter>ScriptCode\SC\States</Filter>
    </ClInclude>
    <ClInclude Include="Script_FSM_Move_Ground.h">
      <Filter>ScriptCode\SC\States</Filter>
    </ClInclude>
    <ClInclude Include="Script_FSM_Move_Hover.h">
      <Filter>ScriptCode\SC\States</Filter>
    </ClInclude>
    <ClInclude Include="UserClassInitializer.h">
      <Filter>Generated</Filter>
    </ClInclude>
    <ClInclude Include="FSM_Move_Base.h">
      <Filter>ScriptCode\SC\States</Filter>
    </ClInclude>
    <ClInclude Include="Script_SCUnitVital.h">
      <Filter>ScriptCode\SC\Components</Filter>
    </ClInclude>
    <ClInclude Include="defineScript.h" />
    <ClInclude Include="Script_FSM_Death.h">
      <Filter>ScriptCode\SC\States</Filter>
    </ClInclude>
    <ClInclude Include="Script_FSM_Attack.h">
      <Filter>ScriptCode\SC\States</Filter>
    </ClInclude>
    <ClInclude Include="SC_Func.h">
      <Filter>ScriptCode\SC</Filter>
    </ClInclude>
    <ClInclude Include="Script_FSM_Building_Prod.h">
      <Filter>ScriptCode\SC\States</Filter>
    </ClInclude>
    <ClInclude Include="define_SC.h" />
    <ClInclude Include="Script_Mineral.h">
      <Filter>ScriptCode\SC\Components</Filter>
    </ClInclude>
    <ClInclude Include="Script_VespeneSmoke.h">
      <Filter>ScriptCode\SC\Components</Filter>
    </ClInclude>
    <ClInclude Include="Script_Vespene.h">
      <Filter>ScriptCode\SC\Components</Filter>
    </ClInclude>
    <ClInclude Include="Script_MainCamSC_InGame.h">
      <Filter>ScriptCode\SC</Filter>
    </ClInclude>
    <ClInclude Include="CCS_SCMapLoader.h">
      <Filter>_HLSL\CS\CS_SCMapLoader</Filter>
    </ClInclude>
    <ClInclude Include="define_SCMap.h">
      <Filter>_HLSL\CS\CS_SCMapLoader</Filter>
    </ClInclude>
    <ClInclude Include="strKey_GShader.h">
      <Filter>Generated</Filter>
    </ClInclude>
    <ClInclude Include="strKey_Script.h">
      <Filter>Generated</Filter>
    </ClInclude>
    <ClInclude Include="strKey_Texture.h">
      <Filter>Generated</Filter>
    </ClInclude>
    <ClInclude Include="strKey_CShader.h">
      <Filter>Generated</Filter>
    </ClInclude>
    <ClInclude Include="Script_TilemapSC.h">
      <Filter>ScriptCode\SC\Tilemap</Filter>
    </ClInclude>
  </ItemGroup>
  <ItemGroup>
    <ClCompile Include="Script_CameraMove.cpp">
      <Filter>ScriptCode</Filter>
    </ClCompile>
    <ClCompile Include="Script_MouseCursor.cpp">
      <Filter>ScriptCode</Filter>
    </ClCompile>
    <ClCompile Include="Script_TestObj.cpp">
      <Filter>ScriptCode</Filter>
    </ClCompile>
    <ClCompile Include="pch.cpp">
      <Filter>Default</Filter>
    </ClCompile>
    <ClCompile Include="Script_SCEntity.cpp">
      <Filter>ScriptCode\SC</Filter>
    </ClCompile>
    <ClCompile Include="Script_FSM_Idle.cpp">
      <Filter>ScriptCode\SC\States</Filter>
    </ClCompile>
    <ClCompile Include="Script_FSM_Move_Ground.cpp">
      <Filter>ScriptCode\SC\States</Filter>
    </ClCompile>
    <ClCompile Include="Script_FSM_Move_Hover.cpp">
      <Filter>ScriptCode\SC\States</Filter>
    </ClCompile>
    <ClCompile Include="FSM_Move_Base.cpp">
      <Filter>ScriptCode\SC\States</Filter>
    </ClCompile>
    <ClCompile Include="Script_SCUnitVital.cpp">
      <Filter>ScriptCode\SC\Components</Filter>
    </ClCompile>
    <ClCompile Include="Script_FSM_Death.cpp">
      <Filter>ScriptCode\SC\States</Filter>
    </ClCompile>
    <ClCompile Include="Script_FSM_Attack.cpp">
      <Filter>ScriptCode\SC\States</Filter>
    </ClCompile>
    <ClCompile Include="SC_Func.cpp">
      <Filter>ScriptCode\SC</Filter>
    </ClCompile>
    <ClCompile Include="Script_FSM_Building_Prod.cpp">
      <Filter>ScriptCode\SC\States</Filter>
    </ClCompile>
    <ClCompile Include="Script_Mineral.cpp">
      <Filter>ScriptCode\SC\Components</Filter>
    </ClCompile>
    <ClCompile Include="Script_VespeneSmoke.cpp">
      <Filter>ScriptCode\SC\Components</Filter>
    </ClCompile>
    <ClCompile Include="Script_Vespene.cpp">
      <Filter>ScriptCode\SC\Components</Filter>
    </ClCompile>
    <ClCompile Include="Script_MainCamSC_InGame.cpp">
      <Filter>ScriptCode\SC</Filter>
    </ClCompile>
    <ClCompile Include="CCS_SCMapLoader.cpp">
      <Filter>_HLSL\CS\CS_SCMapLoader</Filter>
    </ClCompile>
    <ClCompile Include="UserClassInitializer_CShader.cpp">
      <Filter>Generated</Filter>
    </ClCompile>
    <ClCompile Include="UserClassInitializer_Script.cpp">
      <Filter>Generated</Filter>
    </ClCompile>
    <ClCompile Include="Script_TilemapSC.cpp">
      <Filter>ScriptCode\SC\Tilemap</Filter>
    </ClCompile>
  </ItemGroup>
  <ItemGroup>
    <None Include="cpp.hint" />
    <None Include="S_H_SCUnitGround.hlsli">
      <Filter>_HLSL\GS\SCUnitGround</Filter>
    </None>
    <None Include="S_H_Tilemap_SC.hlsli">
      <Filter>_HLSL\GS\TilemapSC</Filter>
    </None>
    <None Include="S_H_SCMapLoader.hlsli">
      <Filter>_HLSL\CS\CS_SCMapLoader</Filter>
    </None>
    <None Include="S_H_Func.hlsli">
      <Filter>_HLSL</Filter>
    </None>
    <None Include="S_H_FuncBitwise.hlsli">
      <Filter>_HLSL</Filter>
    </None>
    <None Include="S_H_Register.hlsli">
      <Filter>_HLSL</Filter>
    </None>
    <None Include="S_H_Struct.hlsli">
      <Filter>_HLSL</Filter>
    </None>
  </ItemGroup>
  <ItemGroup>
    <FxCompile Include="S_0_V_SCUnitGround.hlsl">
      <Filter>_HLSL\GS\SCUnitGround</Filter>
    </FxCompile>
    <FxCompile Include="S_4_P_SCUnitGround.hlsl">
      <Filter>_HLSL\GS\SCUnitGround</Filter>
    </FxCompile>
    <FxCompile Include="S_4_P_Tilemap_SC.hlsl">
      <Filter>_HLSL\GS\TilemapSC</Filter>
    </FxCompile>
    <FxCompile Include="S_0_V_Tilemap_SC.hlsl">
      <Filter>_HLSL\GS\TilemapSC</Filter>
    </FxCompile>
    <FxCompile Include="S_4_P_Mineral.hlsl">
      <Filter>_HLSL\GS\SCUnitGround</Filter>
    </FxCompile>
    <FxCompile Include="S_4_P_BuildingStructure.hlsl">
      <Filter>_HLSL\GS\SCUnitGround</Filter>
    </FxCompile>
    <FxCompile Include="S_4_P_VespineGeyser.hlsl">
      <Filter>_HLSL\GS\SCUnitGround</Filter>
    </FxCompile>
    <FxCompile Include="S_C_ParticleRainDrop.hlsl">
      <Filter>_HLSL\CS\CS_Particle_Raindrop</Filter>
    </FxCompile>
    <FxCompile Include="S_C_SCMapLoader.hlsl">
      <Filter>_HLSL\CS\CS_SCMapLoader</Filter>
    </FxCompile>
  </ItemGroup>
</Project>