<?xml version="1.0" encoding="utf-8"?>
<Project ToolsVersion="4.0" xmlns="http://schemas.microsoft.com/developer/msbuild/2003">
  <ItemGroup>
    <Filter Include="Script">
      <UniqueIdentifier>{03344e37-971f-437d-9e43-79f328581b79}</UniqueIdentifier>
    </Filter>
    <Filter Include="Default">
      <UniqueIdentifier>{c7e28112-20dc-47a9-a86e-f6c3dca4836e}</UniqueIdentifier>
    </Filter>
  </ItemGroup>
  <ItemGroup>
    <ClInclude Include="CScript_Bullet.h">
      <Filter>Script</Filter>
    </ClInclude>
    <ClInclude Include="CScript_CameraMove.h">
      <Filter>Script</Filter>
    </ClInclude>
    <ClInclude Include="CScript_MouseCursor.h">
      <Filter>Script</Filter>
    </ClInclude>
    <ClInclude Include="CScript_Player.h">
      <Filter>Script</Filter>
    </ClInclude>
    <ClInclude Include="CScript_TestObj.h">
      <Filter>Script</Filter>
    </ClInclude>
    <ClInclude Include="pch.h">
      <Filter>Default</Filter>
    </ClInclude>
    <ClInclude Include="framework.h">
      <Filter>Default</Filter>
    </ClInclude>
    <ClInclude Include="CScript_Debug.h">
      <Filter>Script</Filter>
    </ClInclude>
    <ClInclude Include="CScriptMgr.h" />
    <ClInclude Include="strKeys.h" />
  </ItemGroup>
  <ItemGroup>
    <ClCompile Include="CScript_Bullet.cpp">
      <Filter>Script</Filter>
    </ClCompile>
    <ClCompile Include="CScript_CameraMove.cpp">
      <Filter>Script</Filter>
    </ClCompile>
    <ClCompile Include="CScript_MouseCursor.cpp">
      <Filter>Script</Filter>
    </ClCompile>
    <ClCompile Include="CScript_Player.cpp">
      <Filter>Script</Filter>
    </ClCompile>
    <ClCompile Include="CScript_TestObj.cpp">
      <Filter>Script</Filter>
    </ClCompile>
    <ClCompile Include="pch.cpp">
      <Filter>Default</Filter>
    </ClCompile>
    <ClCompile Include="CScript_Debug.cpp">
      <Filter>Script</Filter>
    </ClCompile>
    <ClCompile Include="CScriptMgr.cpp" />
  </ItemGroup>
</Project>