<?xml version="1.0" encoding="utf-8"?>
<Project ToolsVersion="4.0" xmlns="http://schemas.microsoft.com/developer/msbuild/2003">
  <ItemGroup>
    <ClInclude Include="framework.h">
      <Filter>_Default</Filter>
    </ClInclude>
    <ClInclude Include="pch.h">
      <Filter>_Default</Filter>
    </ClInclude>
    <ClInclude Include="global.h">
      <Filter>_Source\00. Header</Filter>
    </ClInclude>
    <ClInclude Include="define.h">
      <Filter>_Source\00. Header</Filter>
    </ClInclude>
    <ClInclude Include="struct.h">
      <Filter>_Source\00. Header</Filter>
    </ClInclude>
    <ClInclude Include="func.h">
      <Filter>_Source\00. Header</Filter>
    </ClInclude>
    <ClInclude Include="CEngine.h">
      <Filter>_Source\01. Engine</Filter>
    </ClInclude>
    <ClInclude Include="CSingleton.h">
      <Filter>_Source\09. Module</Filter>
    </ClInclude>
    <ClInclude Include="CDevice.h">
      <Filter>_Source\02. Device</Filter>
    </ClInclude>
    <ClInclude Include="SimpleMath.h">
      <Filter>_Source\09. Module\SimpleMath</Filter>
    </ClInclude>
    <ClInclude Include="CPathMgr.h">
      <Filter>_Source\03. Manager\01. PathMgr</Filter>
    </ClInclude>
    <ClInclude Include="CKeyMgr.h">
      <Filter>_Source\03. Manager\02. KeyMgr</Filter>
    </ClInclude>
    <ClInclude Include="CTimeMgr.h">
      <Filter>_Source\03. Manager\03. TimeMgr</Filter>
    </ClInclude>
    <ClInclude Include="CGameObject.h">
      <Filter>_Source\05. GameObject</Filter>
    </ClInclude>
    <ClInclude Include="CComponent.h">
      <Filter>_Source\06. Component</Filter>
    </ClInclude>
    <ClInclude Include="CEntity.h">
      <Filter>_Source</Filter>
    </ClInclude>
    <ClInclude Include="CTransform.h">
      <Filter>_Source\06. Component\00. Transform</Filter>
    </ClInclude>
    <ClInclude Include="CMeshRender.h">
      <Filter>_Source\06. Component\08~Render Components\08. MeshRender</Filter>
    </ClInclude>
    <ClInclude Include="CRes.h">
      <Filter>_Source\07. Resource</Filter>
    </ClInclude>
    <ClInclude Include="CMesh.h">
      <Filter>_Source\07. Resource\00. Mesh</Filter>
    </ClInclude>
    <ClInclude Include="CShader.h">
      <Filter>_Source\07. Resource\06, 07. Shader</Filter>
    </ClInclude>
    <ClInclude Include="CGraphicsShader.h">
      <Filter>_Source\07. Resource\06, 07. Shader\GraphicsShader</Filter>
    </ClInclude>
    <ClInclude Include="CScript.h">
      <Filter>_Source\06. Component\11. ScriptHolder</Filter>
    </ClInclude>
    <ClInclude Include="CConstBuffer.h">
      <Filter>_Source\02. Device\ConstBuffer</Filter>
    </ClInclude>
    <ClInclude Include="CLevelMgr.h">
      <Filter>_Source\03. Manager\04. LevelMgr</Filter>
    </ClInclude>
    <ClInclude Include="CResMgr.h">
      <Filter>_Source\03. Manager\05. ResMgr</Filter>
    </ClInclude>
    <ClInclude Include="ptr.h">
      <Filter>_Source\03. Manager\05. ResMgr</Filter>
    </ClInclude>
    <ClInclude Include="CLevel.h">
      <Filter>_Source\04. Level</Filter>
    </ClInclude>
    <ClInclude Include="CLayer.h">
      <Filter>_Source\04. Level</Filter>
    </ClInclude>
    <ClInclude Include="CTexture.h">
      <Filter>_Source\07. Resource\03. Texture</Filter>
    </ClInclude>
    <ClInclude Include="CMaterial.h">
      <Filter>_Source\07. Resource\02. Material</Filter>
    </ClInclude>
    <ClInclude Include="components.h">
      <Filter>_Source\00. Header</Filter>
    </ClInclude>
    <ClInclude Include="CCamera.h">
      <Filter>_Source\06. Component\07. Camera</Filter>
    </ClInclude>
    <ClInclude Include="CRenderMgr.h">
      <Filter>_Source\03. Manager\06. RenderMgr</Filter>
    </ClInclude>
    <ClInclude Include="CRenderComponent.h">
      <Filter>_Source\06. Component\08~Render Components</Filter>
    </ClInclude>
    <ClInclude Include="CScriptHolder.h">
      <Filter>_Source\06. Component\11. ScriptHolder</Filter>
    </ClInclude>
    <ClInclude Include="CEventMgr.h">
      <Filter>_Source\03. Manager\07. EventMgr</Filter>
    </ClInclude>
    <ClInclude Include="CPrefab.h">
      <Filter>_Source\07. Resource\05. Prefab</Filter>
    </ClInclude>
    <ClInclude Include="CCollisionMgr.h">
      <Filter>_Source\03. Manager\08. CollisionMgr</Filter>
    </ClInclude>
    <ClInclude Include="CCollider.h">
      <Filter>_Source\06. Component\01, 02. Collider</Filter>
    </ClInclude>
    <ClInclude Include="CCollider2D.h">
      <Filter>_Source\06. Component\01, 02. Collider\1. Collider2D</Filter>
    </ClInclude>
    <ClInclude Include="CCollider2D_Circle.h">
      <Filter>_Source\06. Component\01, 02. Collider\1. Collider2D</Filter>
    </ClInclude>
    <ClInclude Include="CCollider2D_OBB.h">
      <Filter>_Source\06. Component\01, 02. Collider\1. Collider2D</Filter>
    </ClInclude>
    <ClInclude Include="CCollider2D_Rect.h">
      <Filter>_Source\06. Component\01, 02. Collider\1. Collider2D</Filter>
    </ClInclude>
    <ClInclude Include="CLight.h">
      <Filter>_Source\06. Component\05, 06. Light</Filter>
    </ClInclude>
    <ClInclude Include="CLight2D.h">
      <Filter>_Source\06. Component\05, 06. Light\5. Light2D</Filter>
    </ClInclude>
    <ClInclude Include="CStructBuffer.h">
      <Filter>_Source\02. Device\StructBuffer</Filter>
    </ClInclude>
    <ClInclude Include="CTilemap.h">
      <Filter>_Source\06. Component\08~Render Components\10. Tilemap</Filter>
    </ClInclude>
    <ClInclude Include="CAnimator2D.h">
      <Filter>_Source\06. Component\03, 04. Animator</Filter>
    </ClInclude>
    <ClInclude Include="CComputeShader.h">
      <Filter>_Source\07. Resource\06, 07. Shader\ComputeShader</Filter>
    </ClInclude>
    <ClInclude Include="CParticleSystem.h">
      <Filter>_Source\06. Component\08~Render Components\09. ParticleSystem</Filter>
    </ClInclude>
    <ClInclude Include="CCollider3D_Ray.h">
      <Filter>_Source\06. Component\01, 02. Collider\2. Collider3D</Filter>
    </ClInclude>
    <ClInclude Include="CCollider3D.h">
      <Filter>_Source\06. Component\01, 02. Collider\2. Collider3D</Filter>
    </ClInclude>
    <ClInclude Include="CCollider2D_Point.h">
      <Filter>_Source\06. Component\01, 02. Collider\1. Collider2D</Filter>
    </ClInclude>
    <ClInclude Include="CAnim2DAtlas.h">
      <Filter>_Source\07. Resource\04. Animation</Filter>
    </ClInclude>
    <ClInclude Include="S_H_Struct.hlsli">
      <Filter>HLSL</Filter>
    </ClInclude>
    <ClInclude Include="S_H_Register.hlsli">
      <Filter>HLSL</Filter>
    </ClInclude>
    <ClInclude Include="CCS_SetColor.h">
      <Filter>HLSL\99. Compute\01. SetColor</Filter>
    </ClInclude>
    <ClInclude Include="CCS_ParticleUpdate.h">
      <Filter>HLSL\99. Compute\02. ParticleUpdate</Filter>
    </ClInclude>
    <ClInclude Include="CCS_Initialize.h">
      <Filter>HLSL\99. Compute\00. Initialize</Filter>
    </ClInclude>
    <ClInclude Include="CCS_SCMapLoader.h">
      <Filter>HLSL\99. Compute\03. SCMapLoader</Filter>
    </ClInclude>
    <ClInclude Include="Precompiled.h">
      <Filter>_Source\00. Header</Filter>
    </ClInclude>
    <ClInclude Include="jsoncpp.h">
      <Filter>_Source\00. Header</Filter>
    </ClInclude>
    <ClInclude Include="CTilemapAtlas.h">
      <Filter>_Source\06. Component\08~Render Components\10. Tilemap</Filter>
    </ClInclude>
    <ClInclude Include="strKey_Default.h">
      <Filter>_Source\00. Header</Filter>
    </ClInclude>
    <ClInclude Include="CRandMgr.h">
      <Filter>_Source\03. Manager\09. RandMgr</Filter>
    </ClInclude>
    <ClInclude Include="CScriptMgr.h">
      <Filter>_Source\03. Manager\10. ScriptMgr</Filter>
    </ClInclude>
    <ClInclude Include="CFSM.h">
      <Filter>_Source\06. Component\11. ScriptHolder</Filter>
    </ClInclude>
    <ClInclude Include="resource.h" />
    <ClInclude Include="EventDispatcher.h" />
    <ClInclude Include="define_SCMap.h">
      <Filter>HLSL\99. Compute\03. SCMapLoader</Filter>
    </ClInclude>
    <ClInclude Include="CTilemap_SC.h">
      <Filter>_Source\06. Component\08~Render Components\10. Tilemap</Filter>
    </ClInclude>
  </ItemGroup>
  <ItemGroup>
    <ClCompile Include="pch.cpp">
      <Filter>_Default</Filter>
    </ClCompile>
    <ClCompile Include="CEngine.cpp">
      <Filter>_Source\01. Engine</Filter>
    </ClCompile>
    <ClCompile Include="CDevice.cpp">
      <Filter>_Source\02. Device</Filter>
    </ClCompile>
    <ClCompile Include="CPathMgr.cpp">
      <Filter>_Source\03. Manager\01. PathMgr</Filter>
    </ClCompile>
    <ClCompile Include="CKeyMgr.cpp">
      <Filter>_Source\03. Manager\02. KeyMgr</Filter>
    </ClCompile>
    <ClCompile Include="CTimeMgr.cpp">
      <Filter>_Source\03. Manager\03. TimeMgr</Filter>
    </ClCompile>
    <ClCompile Include="CGameObject.cpp">
      <Filter>_Source\05. GameObject</Filter>
    </ClCompile>
    <ClCompile Include="CComponent.cpp">
      <Filter>_Source\06. Component</Filter>
    </ClCompile>
    <ClCompile Include="CEntity.cpp">
      <Filter>_Source</Filter>
    </ClCompile>
    <ClCompile Include="CTransform.cpp">
      <Filter>_Source\06. Component\00. Transform</Filter>
    </ClCompile>
    <ClCompile Include="CMeshRender.cpp">
      <Filter>_Source\06. Component\08~Render Components\08. MeshRender</Filter>
    </ClCompile>
    <ClCompile Include="CRes.cpp">
      <Filter>_Source\07. Resource</Filter>
    </ClCompile>
    <ClCompile Include="CMesh.cpp">
      <Filter>_Source\07. Resource\00. Mesh</Filter>
    </ClCompile>
    <ClCompile Include="CShader.cpp">
      <Filter>_Source\07. Resource\06, 07. Shader</Filter>
    </ClCompile>
    <ClCompile Include="CGraphicsShader.cpp">
      <Filter>_Source\07. Resource\06, 07. Shader\GraphicsShader</Filter>
    </ClCompile>
    <ClCompile Include="CScript.cpp">
      <Filter>_Source\06. Component\11. ScriptHolder</Filter>
    </ClCompile>
    <ClCompile Include="CConstBuffer.cpp">
      <Filter>_Source\02. Device\ConstBuffer</Filter>
    </ClCompile>
    <ClCompile Include="CLevelMgr.cpp">
      <Filter>_Source\03. Manager\04. LevelMgr</Filter>
    </ClCompile>
    <ClCompile Include="CResMgr.cpp">
      <Filter>_Source\03. Manager\05. ResMgr</Filter>
    </ClCompile>
    <ClCompile Include="CLevel.cpp">
      <Filter>_Source\04. Level</Filter>
    </ClCompile>
    <ClCompile Include="CLayer.cpp">
      <Filter>_Source\04. Level</Filter>
    </ClCompile>
    <ClCompile Include="CTexture.cpp">
      <Filter>_Source\07. Resource\03. Texture</Filter>
    </ClCompile>
    <ClCompile Include="CMaterial.cpp">
      <Filter>_Source\07. Resource\02. Material</Filter>
    </ClCompile>
    <ClCompile Include="extern.cpp">
      <Filter>_Source\00. Header</Filter>
    </ClCompile>
    <ClCompile Include="CCamera.cpp">
      <Filter>_Source\06. Component\07. Camera</Filter>
    </ClCompile>
    <ClCompile Include="CRenderMgr.cpp">
      <Filter>_Source\03. Manager\06. RenderMgr</Filter>
    </ClCompile>
    <ClCompile Include="CRenderComponent.cpp">
      <Filter>_Source\06. Component\08~Render Components</Filter>
    </ClCompile>
    <ClCompile Include="CScriptHolder.cpp">
      <Filter>_Source\06. Component\11. ScriptHolder</Filter>
    </ClCompile>
    <ClCompile Include="CEventMgr.cpp">
      <Filter>_Source\03. Manager\07. EventMgr</Filter>
    </ClCompile>
    <ClCompile Include="CPrefab.cpp">
      <Filter>_Source\07. Resource\05. Prefab</Filter>
    </ClCompile>
    <ClCompile Include="CCollisionMgr.cpp">
      <Filter>_Source\03. Manager\08. CollisionMgr</Filter>
    </ClCompile>
    <ClCompile Include="CCollider.cpp">
      <Filter>_Source\06. Component\01, 02. Collider</Filter>
    </ClCompile>
    <ClCompile Include="CCollider2D.cpp">
      <Filter>_Source\06. Component\01, 02. Collider\1. Collider2D</Filter>
    </ClCompile>
    <ClCompile Include="CCollider2D_Circle.cpp">
      <Filter>_Source\06. Component\01, 02. Collider\1. Collider2D</Filter>
    </ClCompile>
    <ClCompile Include="CCollider2D_OBB.cpp">
      <Filter>_Source\06. Component\01, 02. Collider\1. Collider2D</Filter>
    </ClCompile>
    <ClCompile Include="CCollider2D_Rect.cpp">
      <Filter>_Source\06. Component\01, 02. Collider\1. Collider2D</Filter>
    </ClCompile>
    <ClCompile Include="func.cpp">
      <Filter>_Source\00. Header</Filter>
    </ClCompile>
    <ClCompile Include="CLight.cpp">
      <Filter>_Source\06. Component\05, 06. Light</Filter>
    </ClCompile>
    <ClCompile Include="CLight2D.cpp">
      <Filter>_Source\06. Component\05, 06. Light\5. Light2D</Filter>
    </ClCompile>
    <ClCompile Include="CStructBuffer.cpp">
      <Filter>_Source\02. Device\StructBuffer</Filter>
    </ClCompile>
    <ClCompile Include="CTilemap.cpp">
      <Filter>_Source\06. Component\08~Render Components\10. Tilemap</Filter>
    </ClCompile>
    <ClCompile Include="CAnimator2D.cpp">
      <Filter>_Source\06. Component\03, 04. Animator</Filter>
    </ClCompile>
    <ClCompile Include="CComputeShader.cpp">
      <Filter>_Source\07. Resource\06, 07. Shader\ComputeShader</Filter>
    </ClCompile>
    <ClCompile Include="CParticleSystem.cpp">
      <Filter>_Source\06. Component\08~Render Components\09. ParticleSystem</Filter>
    </ClCompile>
    <ClCompile Include="CCollider3D_Ray.cpp">
      <Filter>_Source\06. Component\01, 02. Collider\2. Collider3D</Filter>
    </ClCompile>
    <ClCompile Include="CCollider3D.cpp">
      <Filter>_Source\06. Component\01, 02. Collider\2. Collider3D</Filter>
    </ClCompile>
    <ClCompile Include="CCollider2D_Point.cpp">
      <Filter>_Source\06. Component\01, 02. Collider\1. Collider2D</Filter>
    </ClCompile>
    <ClCompile Include="CAnim2DAtlas.cpp">
      <Filter>_Source\07. Resource\04. Animation</Filter>
    </ClCompile>
    <ClCompile Include="CCS_SetColor.cpp">
      <Filter>HLSL\99. Compute\01. SetColor</Filter>
    </ClCompile>
    <ClCompile Include="CCS_ParticleUpdate.cpp">
      <Filter>HLSL\99. Compute\02. ParticleUpdate</Filter>
    </ClCompile>
    <ClCompile Include="CCS_Initialize.cpp">
      <Filter>HLSL\99. Compute\00. Initialize</Filter>
    </ClCompile>
    <ClCompile Include="CCS_SCMapLoader.cpp">
      <Filter>HLSL\99. Compute\03. SCMapLoader</Filter>
    </ClCompile>
    <ClCompile Include="CTilemapAtlas.cpp">
      <Filter>_Source\06. Component\08~Render Components\10. Tilemap</Filter>
    </ClCompile>
    <ClCompile Include="CRandMgr.cpp">
      <Filter>_Source\03. Manager\09. RandMgr</Filter>
    </ClCompile>
    <ClCompile Include="CScriptMgr.cpp">
      <Filter>_Source\03. Manager\10. ScriptMgr</Filter>
    </ClCompile>
    <ClCompile Include="CFSM.cpp">
      <Filter>_Source\06. Component\11. ScriptHolder</Filter>
    </ClCompile>
    <ClCompile Include="EventDispatcher.cpp" />
    <ClCompile Include="CTilemap_SC.cpp">
      <Filter>_Source\06. Component\08~Render Components\10. Tilemap</Filter>
    </ClCompile>
  </ItemGroup>
  <ItemGroup>
    <Filter Include="HLSL">
      <UniqueIdentifier>{a640b417-9758-45de-a560-7a7e4c1cd383}</UniqueIdentifier>
    </Filter>
    <Filter Include="HLSL\04. Tilemap">
      <UniqueIdentifier>{9a510dc5-4843-468a-a81b-ea058635b7a6}</UniqueIdentifier>
    </Filter>
    <Filter Include="HLSL\03. Std2D_Light">
      <UniqueIdentifier>{cb98d268-0a45-4839-84eb-7c46da8e0594}</UniqueIdentifier>
    </Filter>
    <Filter Include="HLSL\02. Std2D">
      <UniqueIdentifier>{c73311b6-268a-452a-b46c-ffcc31b0df37}</UniqueIdentifier>
    </Filter>
    <Filter Include="HLSL\05. Particle_Render">
      <UniqueIdentifier>{58580cd2-1a84-459b-887a-60873a309d25}</UniqueIdentifier>
    </Filter>
    <Filter Include="_Source">
      <UniqueIdentifier>{f7c4fb8b-3b9f-43d1-af3b-ecee090c360c}</UniqueIdentifier>
    </Filter>
    <Filter Include="_Source\01. Engine">
      <UniqueIdentifier>{cd444e0e-d969-4391-b8f7-fece5daf0bc0}</UniqueIdentifier>
    </Filter>
    <Filter Include="_Source\00. Header">
      <UniqueIdentifier>{c5e19d51-b47f-4a43-8e10-8ff0062f5fb1}</UniqueIdentifier>
    </Filter>
    <Filter Include="_Source\02. Device">
      <UniqueIdentifier>{769ff45f-aa32-458a-9282-19906e3c14c5}</UniqueIdentifier>
    </Filter>
    <Filter Include="_Source\02. Device\ConstBuffer">
      <UniqueIdentifier>{57b55dc8-c509-4d81-8671-8f3269f50b93}</UniqueIdentifier>
    </Filter>
    <Filter Include="_Source\02. Device\StructBuffer">
      <UniqueIdentifier>{c20f09de-5075-430f-b628-e3a4decf08e2}</UniqueIdentifier>
    </Filter>
    <Filter Include="_Source\03. Manager">
      <UniqueIdentifier>{ff80abf2-a382-43db-9139-bdb15da13dc5}</UniqueIdentifier>
    </Filter>
    <Filter Include="_Source\03. Manager\01. PathMgr">
      <UniqueIdentifier>{2aa9b216-f75e-4630-9d44-09e348de8ac2}</UniqueIdentifier>
    </Filter>
    <Filter Include="_Source\03. Manager\02. KeyMgr">
      <UniqueIdentifier>{02aa0ad4-b3bd-4a3a-9f2b-86e403b21394}</UniqueIdentifier>
    </Filter>
    <Filter Include="_Source\03. Manager\03. TimeMgr">
      <UniqueIdentifier>{aa8c912d-bf14-485e-9725-ea658382287f}</UniqueIdentifier>
    </Filter>
    <Filter Include="_Source\03. Manager\05. ResMgr">
      <UniqueIdentifier>{f1be8e7f-adbe-4ebe-bfd9-d80b27fba88a}</UniqueIdentifier>
    </Filter>
    <Filter Include="_Source\03. Manager\06. RenderMgr">
      <UniqueIdentifier>{9953dac5-f966-4645-b43a-21dd8faa1859}</UniqueIdentifier>
    </Filter>
    <Filter Include="_Source\03. Manager\07. EventMgr">
      <UniqueIdentifier>{9a8c8c1a-b05e-4507-a5a2-6a283289572a}</UniqueIdentifier>
    </Filter>
    <Filter Include="_Source\03. Manager\08. CollisionMgr">
      <UniqueIdentifier>{d0b27aaa-6e7c-409d-8f75-ac800a4b608d}</UniqueIdentifier>
    </Filter>
    <Filter Include="_Source\03. Manager\04. LevelMgr">
      <UniqueIdentifier>{b1764c9e-7279-4948-b236-fc6fd24bbc07}</UniqueIdentifier>
    </Filter>
    <Filter Include="_Source\06. Component">
      <UniqueIdentifier>{687dc90e-c2c0-4507-bd5e-153a25cd4d38}</UniqueIdentifier>
    </Filter>
    <Filter Include="_Source\06. Component\08~Render Components">
      <UniqueIdentifier>{8becc570-32b7-44bb-92b1-a74ff0317140}</UniqueIdentifier>
    </Filter>
    <Filter Include="_Source\06. Component\08~Render Components\08. MeshRender">
      <UniqueIdentifier>{3dd66862-9fa0-441f-8888-fa938d05bdbb}</UniqueIdentifier>
    </Filter>
    <Filter Include="_Source\06. Component\08~Render Components\10. Tilemap">
      <UniqueIdentifier>{c1e5f3db-b06e-4a03-aa94-25ebd41b9f31}</UniqueIdentifier>
    </Filter>
    <Filter Include="_Source\06. Component\08~Render Components\09. ParticleSystem">
      <UniqueIdentifier>{5fc8ce1a-d12b-4ab5-9dc3-ad056529894e}</UniqueIdentifier>
    </Filter>
    <Filter Include="_Source\06. Component\00. Transform">
      <UniqueIdentifier>{d0e54e64-2aaa-4fe6-babe-d15fd49d6a77}</UniqueIdentifier>
    </Filter>
    <Filter Include="_Source\06. Component\01, 02. Collider">
      <UniqueIdentifier>{53153a7a-9c30-4c6f-ac27-5c25cf01e0a0}</UniqueIdentifier>
    </Filter>
    <Filter Include="_Source\06. Component\01, 02. Collider\1. Collider2D">
      <UniqueIdentifier>{4edf9080-1281-4049-9c8b-3ed230416d94}</UniqueIdentifier>
    </Filter>
    <Filter Include="_Source\06. Component\01, 02. Collider\2. Collider3D">
      <UniqueIdentifier>{e483505c-f0c8-4d90-829b-992a0f6c408c}</UniqueIdentifier>
    </Filter>
    <Filter Include="_Source\06. Component\05, 06. Light">
      <UniqueIdentifier>{c6cd41ea-7444-48ef-beae-cf29939f9c2b}</UniqueIdentifier>
    </Filter>
    <Filter Include="_Source\06. Component\05, 06. Light\5. Light2D">
      <UniqueIdentifier>{a90e80c9-c59d-4642-9f27-9055695a07fd}</UniqueIdentifier>
    </Filter>
    <Filter Include="_Source\06. Component\07. Camera">
      <UniqueIdentifier>{25086c65-6b09-4d96-a3ce-757727e69697}</UniqueIdentifier>
    </Filter>
    <Filter Include="_Source\06. Component\03, 04. Animator">
      <UniqueIdentifier>{14f3f02f-10d1-4a2f-a84e-a495906b7dac}</UniqueIdentifier>
    </Filter>
    <Filter Include="_Source\05. GameObject">
      <UniqueIdentifier>{c8caa982-e753-4824-b0f1-dc97ebec0e80}</UniqueIdentifier>
    </Filter>
    <Filter Include="_Source\09. Module">
      <UniqueIdentifier>{77da0800-3a79-4f9b-aa08-9bf7e06d17d5}</UniqueIdentifier>
    </Filter>
    <Filter Include="_Source\09. Module\SimpleMath">
      <UniqueIdentifier>{c3fbf7d1-977b-4a8d-916b-bc3be792b42f}</UniqueIdentifier>
    </Filter>
    <Filter Include="_Source\04. Level">
      <UniqueIdentifier>{c83961ef-cb2c-4f0d-bbc4-ffd708a2bf4b}</UniqueIdentifier>
    </Filter>
    <Filter Include="_Source\07. Resource">
      <UniqueIdentifier>{a860b8d2-329c-422a-a7a0-3aee123c6fac}</UniqueIdentifier>
    </Filter>
    <Filter Include="_Source\07. Resource\00. Mesh">
      <UniqueIdentifier>{98d8b7a9-5e30-463b-b888-4a0db5b8e3fd}</UniqueIdentifier>
    </Filter>
    <Filter Include="_Source\07. Resource\02. Material">
      <UniqueIdentifier>{0b17e6e3-55e9-4cc1-b5f2-0dd2feb32f11}</UniqueIdentifier>
    </Filter>
    <Filter Include="_Source\07. Resource\03. Texture">
      <UniqueIdentifier>{f20c6b68-728b-42b4-9114-c4c2341a3724}</UniqueIdentifier>
    </Filter>
    <Filter Include="_Source\07. Resource\04. Animation">
      <UniqueIdentifier>{693260ec-dfbc-4f8a-8603-96711731d43c}</UniqueIdentifier>
    </Filter>
    <Filter Include="_Source\07. Resource\05. Prefab">
      <UniqueIdentifier>{249a14da-b2f0-4ec0-9486-6169ffd3652c}</UniqueIdentifier>
    </Filter>
    <Filter Include="_Source\07. Resource\06, 07. Shader">
      <UniqueIdentifier>{e3a93cb0-2193-4edb-9282-39a46638bc54}</UniqueIdentifier>
    </Filter>
    <Filter Include="_Source\07. Resource\06, 07. Shader\GraphicsShader">
      <UniqueIdentifier>{2be1bcef-219d-4d84-9a98-97384469b7c8}</UniqueIdentifier>
    </Filter>
    <Filter Include="_Source\07. Resource\06, 07. Shader\ComputeShader">
      <UniqueIdentifier>{e151f217-81da-4353-bbc5-512b81b26bc0}</UniqueIdentifier>
    </Filter>
    <Filter Include="_Default">
      <UniqueIdentifier>{bf35e007-92a1-401c-bb41-cafe9c4fd5e1}</UniqueIdentifier>
    </Filter>
    <Filter Include="HLSL\99. Compute">
      <UniqueIdentifier>{32db0407-1029-4935-bd20-af2104ddee58}</UniqueIdentifier>
    </Filter>
    <Filter Include="HLSL\99. Compute\01. SetColor">
      <UniqueIdentifier>{331293f5-72fc-4f40-8d18-862dff123db4}</UniqueIdentifier>
    </Filter>
    <Filter Include="HLSL\99. Compute\02. ParticleUpdate">
      <UniqueIdentifier>{6b416682-fb15-4520-9fa1-32a5f07bb67b}</UniqueIdentifier>
    </Filter>
    <Filter Include="HLSL\99. Compute\00. Initialize">
      <UniqueIdentifier>{4f9e5be7-6004-4164-a2a8-f66d39e88551}</UniqueIdentifier>
    </Filter>
    <Filter Include="HLSL\99. Compute\03. SCMapLoader">
      <UniqueIdentifier>{36c6709e-97ed-477e-b686-406ee9c3ef75}</UniqueIdentifier>
    </Filter>
    <Filter Include="HLSL\06. SCUnit">
      <UniqueIdentifier>{5c312d34-64b3-4759-81d1-fa0f86253401}</UniqueIdentifier>
    </Filter>
    <Filter Include="HLSL\04. Tilemap\Atlas">
      <UniqueIdentifier>{328d1bdd-ac35-4338-94ee-38868282e811}</UniqueIdentifier>
    </Filter>
    <Filter Include="HLSL\04. Tilemap\Complete">
      <UniqueIdentifier>{4b69cd83-ba81-495e-9e5c-977b8dd6a0b5}</UniqueIdentifier>
    </Filter>
    <Filter Include="_Source\03. Manager\09. RandMgr">
      <UniqueIdentifier>{5aea2cf4-799a-4c50-9422-eb7b85e28049}</UniqueIdentifier>
    </Filter>
    <Filter Include="_Source\03. Manager\10. ScriptMgr">
      <UniqueIdentifier>{fe30ff2c-2244-4ddf-b23b-4a8458bd34a6}</UniqueIdentifier>
    </Filter>
    <Filter Include="_Source\06. Component\11. ScriptHolder">
      <UniqueIdentifier>{ca120d65-a3f9-4d3c-9f9d-b9642fb0c222}</UniqueIdentifier>
    </Filter>
    <Filter Include="HLSL\01. Debug">
      <UniqueIdentifier>{3964de6a-5569-49d3-84a2-49fbf7126a03}</UniqueIdentifier>
    </Filter>
  </ItemGroup>
  <ItemGroup>
    <None Include="SimpleMath.inl">
      <Filter>_Source\09. Module\SimpleMath</Filter>
    </None>
    <None Include="cpp.hint" />
    <None Include="S_H_Func.hlsli">
      <Filter>HLSL</Filter>
    </None>
    <None Include="S_H_FuncBitwise.hlsli">
      <Filter>HLSL</Filter>
    </None>
    <None Include="S_H_STD2DLight.hlsli">
      <Filter>HLSL\03. Std2D_Light</Filter>
    </None>
    <None Include="S_H_STD2D.hlsli">
      <Filter>HLSL\02. Std2D</Filter>
    </None>
    <None Include="S_H_Debug.hlsli">
      <Filter>HLSL\01. Debug</Filter>
    </None>
    <None Include="S_H_SCMapLoader.hlsli">
      <Filter>HLSL\99. Compute\03. SCMapLoader</Filter>
    </None>
    <None Include="S_H_Particle.hlsli">
      <Filter>HLSL\05. Particle_Render</Filter>
    </None>
    <None Include="S_H_SCUnitGround.hlsli">
      <Filter>HLSL\06. SCUnit</Filter>
    </None>
    <None Include="S_H_TilemapAtlas.hlsli">
      <Filter>HLSL\04. Tilemap\Atlas</Filter>
    </None>
    <None Include="S_H_TilemapComplete.hlsli">
      <Filter>HLSL\04. Tilemap\Complete</Filter>
    </None>
    <None Include="S_H_Tilemap_SC.hlsli">
      <Filter>HLSL\04. Tilemap\Complete</Filter>
    </None>
  </ItemGroup>
  <ItemGroup>
    <FxCompile Include="S_0_V_STD2DLight.hlsl">
      <Filter>HLSL\03. Std2D_Light</Filter>
    </FxCompile>
    <FxCompile Include="S_4_P_STD2DLight.hlsl">
      <Filter>HLSL\03. Std2D_Light</Filter>
    </FxCompile>
    <FxCompile Include="S_4_P_STD2D.hlsl">
      <Filter>HLSL\02. Std2D</Filter>
    </FxCompile>
    <FxCompile Include="S_0_V_STD2D.hlsl">
      <Filter>HLSL\02. Std2D</Filter>
    </FxCompile>
    <FxCompile Include="S_0_V_Debug.hlsl">
      <Filter>HLSL\01. Debug</Filter>
    </FxCompile>
    <FxCompile Include="S_4_P_Debug.hlsl">
      <Filter>HLSL\01. Debug</Filter>
    </FxCompile>
    <FxCompile Include="S_C_SetColor.hlsl">
      <Filter>HLSL\99. Compute\01. SetColor</Filter>
    </FxCompile>
    <FxCompile Include="S_C_ParticleRainDrop.hlsl">
      <Filter>HLSL\99. Compute\02. ParticleUpdate</Filter>
    </FxCompile>
    <FxCompile Include="S_C_ParticleBasic.hlsl">
      <Filter>HLSL\99. Compute\02. ParticleUpdate</Filter>
    </FxCompile>
    <FxCompile Include="S_C_Initalize.hlsl">
      <Filter>HLSL\99. Compute\00. Initialize</Filter>
    </FxCompile>
    <FxCompile Include="S_C_SCMapLoader.hlsl">
      <Filter>HLSL\99. Compute\03. SCMapLoader</Filter>
    </FxCompile>
    <FxCompile Include="S_3_G_Particle.hlsl">
      <Filter>HLSL\05. Particle_Render</Filter>
    </FxCompile>
    <FxCompile Include="S_4_P_Particle.hlsl">
      <Filter>HLSL\05. Particle_Render</Filter>
    </FxCompile>
    <FxCompile Include="S_0_V_Particle.hlsl">
      <Filter>HLSL\05. Particle_Render</Filter>
    </FxCompile>
    <FxCompile Include="S_4_P_SCUnitGround.hlsl">
      <Filter>HLSL\06. SCUnit</Filter>
    </FxCompile>
    <FxCompile Include="S_0_V_SCUnitGround.hlsl">
      <Filter>HLSL\06. SCUnit</Filter>
    </FxCompile>
    <FxCompile Include="S_0_V_TilemapAtlas.hlsl">
      <Filter>HLSL\04. Tilemap\Atlas</Filter>
    </FxCompile>
    <FxCompile Include="S_4_P_TilemapAtlas.hlsl">
      <Filter>HLSL\04. Tilemap\Atlas</Filter>
    </FxCompile>
    <FxCompile Include="S_0_V_TilemapComplete.hlsl">
      <Filter>HLSL\04. Tilemap\Complete</Filter>
    </FxCompile>
    <FxCompile Include="S_4_P_TilemapComplete.hlsl">
      <Filter>HLSL\04. Tilemap\Complete</Filter>
    </FxCompile>
    <FxCompile Include="S_4_P_BuildingStructure.hlsl">
      <Filter>HLSL\06. SCUnit</Filter>
    </FxCompile>
    <FxCompile Include="S_4_P_Mineral.hlsl">
      <Filter>HLSL\06. SCUnit</Filter>
    </FxCompile>
    <FxCompile Include="S_4_P_VespineGeyser.hlsl">
      <Filter>HLSL\06. SCUnit</Filter>
    </FxCompile>
    <FxCompile Include="S_4_P_Tilemap_SC.hlsl">
      <Filter>HLSL\04. Tilemap\Complete</Filter>
    </FxCompile>
    <FxCompile Include="S_0_V_Tilemap_SC.hlsl">
      <Filter>HLSL\04. Tilemap\Complete</Filter>
    </FxCompile>
  </ItemGroup>
  <ItemGroup>
    <ResourceCompile Include="Engine.rc" />
  </ItemGroup>
</Project>