<?xml version="1.0" encoding="utf-8"?>
<Project ToolsVersion="4.0" xmlns="http://schemas.microsoft.com/developer/msbuild/2003">
  <ItemGroup>
    <Filter Include="리소스 파일">
      <UniqueIdentifier>{67DA6AB6-F800-4c08-8B7A-83BB121AAD01}</UniqueIdentifier>
      <Extensions>rc;ico;cur;bmp;dlg;rc2;rct;bin;rgs;gif;jpg;jpeg;jpe;resx;tiff;tif;png;wav;mfcribbon-ms</Extensions>
    </Filter>
    <Filter Include="Default">
      <UniqueIdentifier>{8e093ada-c2c2-4bff-9390-9244f58587a4}</UniqueIdentifier>
    </Filter>
    <Filter Include="CEditorObjMgr">
      <UniqueIdentifier>{47d8c72e-673d-44e2-b75b-7b9b20614e0d}</UniqueIdentifier>
    </Filter>
    <Filter Include="ImGui">
      <UniqueIdentifier>{1a11b32a-1bc8-409b-8db8-75b19f7d31fa}</UniqueIdentifier>
    </Filter>
    <Filter Include="ImGui\99. ImGuiSource">
      <UniqueIdentifier>{d2e2d258-22e6-4ea4-bc91-2190af234a21}</UniqueIdentifier>
    </Filter>
    <Filter Include="ImGui\00. Manager">
      <UniqueIdentifier>{2448cdda-ccc8-4b5a-8e42-ee8b29f4335e}</UniqueIdentifier>
    </Filter>
    <Filter Include="ImGui\01. UI_Interface">
      <UniqueIdentifier>{279bb99b-9cef-418f-b916-12f604f798b0}</UniqueIdentifier>
    </Filter>
    <Filter Include="ImGui\02. UI_Object">
      <UniqueIdentifier>{4fb6420e-640e-4542-b104-3be94fabdc12}</UniqueIdentifier>
    </Filter>
    <Filter Include="ImGui\02. UI_Object\01. UI_Widget">
      <UniqueIdentifier>{73bfd71e-634f-4ceb-87fd-96c5ffae88e8}</UniqueIdentifier>
    </Filter>
    <Filter Include="ImGui\02. UI_Object\02. UI_Inspector">
      <UniqueIdentifier>{4687a60f-f87b-4e45-a12d-e2414457465a}</UniqueIdentifier>
    </Filter>
    <Filter Include="ImGui\02. UI_Object\02. UI_Inspector\ComponentUI">
      <UniqueIdentifier>{9d84ef5b-f0d3-4954-8ce5-cca12772b1e3}</UniqueIdentifier>
    </Filter>
    <Filter Include="ImGui\02. UI_Object\02. UI_Inspector\ComponentUI\10. Tilemap UI">
      <UniqueIdentifier>{bc89faed-6a9e-42f0-bf8d-1c7cffa74d7c}</UniqueIdentifier>
    </Filter>
    <Filter Include="ImGui\02. UI_Object\02. UI_Inspector\ComponentUI\01. Collider2D UI">
      <UniqueIdentifier>{af71a1a8-c76e-4a73-9c8f-333954943a14}</UniqueIdentifier>
    </Filter>
    <Filter Include="ImGui\02. UI_Object\02. UI_Inspector\ComponentUI\02. Collider3D UI">
      <UniqueIdentifier>{6fda2739-3a49-4165-b0df-2b18dded161c}</UniqueIdentifier>
    </Filter>
    <Filter Include="ImGui\02. UI_Object\02. UI_Inspector\ComponentUI\03. Animator2D UI">
      <UniqueIdentifier>{08ec998e-779f-4c93-b0a0-5581227f15bd}</UniqueIdentifier>
    </Filter>
    <Filter Include="ImGui\02. UI_Object\02. UI_Inspector\ComponentUI\04. Animator3D UI">
      <UniqueIdentifier>{3914c0c5-251d-443f-9041-e18e0e1d64b9}</UniqueIdentifier>
    </Filter>
    <Filter Include="ImGui\02. UI_Object\02. UI_Inspector\ComponentUI\05. Light2D UI">
      <UniqueIdentifier>{3aa7aaf2-6421-41e0-bc28-eccd88ec9e67}</UniqueIdentifier>
    </Filter>
    <Filter Include="ImGui\02. UI_Object\02. UI_Inspector\ComponentUI\06. Light3D UI">
      <UniqueIdentifier>{aac0d53e-a912-4940-be4f-ac2da91eaae4}</UniqueIdentifier>
    </Filter>
    <Filter Include="ImGui\02. UI_Object\02. UI_Inspector\ComponentUI\07. Camera UI">
      <UniqueIdentifier>{db32a587-276e-4b5f-8a3b-3f532e90f816}</UniqueIdentifier>
    </Filter>
    <Filter Include="ImGui\02. UI_Object\02. UI_Inspector\ComponentUI\08. MeshRender UI">
      <UniqueIdentifier>{a27dc193-7225-4131-a82a-967ec29e74c5}</UniqueIdentifier>
    </Filter>
    <Filter Include="ImGui\02. UI_Object\02. UI_Inspector\ComponentUI\09. ParticleSystem UI">
      <UniqueIdentifier>{f322227e-3932-4c42-b3d5-9f181a6f1ed4}</UniqueIdentifier>
    </Filter>
    <Filter Include="ImGui\02. UI_Object\02. UI_Inspector\ComponentUI\11. Landscape UI">
      <UniqueIdentifier>{6d762ce3-9541-481a-bc8c-68ed28f5268f}</UniqueIdentifier>
    </Filter>
    <Filter Include="ImGui\02. UI_Object\02. UI_Inspector\ComponentUI\12. Decal UI">
      <UniqueIdentifier>{b1993540-b8a1-4f6c-af9d-db82c2c34757}</UniqueIdentifier>
    </Filter>
    <Filter Include="ImGui\02. UI_Object\02. UI_Inspector\ComponentUI\13. ScriptHolder UI">
      <UniqueIdentifier>{94ec3a12-5078-4358-8927-be3b0fab85ef}</UniqueIdentifier>
    </Filter>
    <Filter Include="ImGui\02. UI_Object\02. UI_Inspector\ComponentUI\00. Transform UI">
      <UniqueIdentifier>{6132ae5c-9c85-48df-a062-c729d34b4533}</UniqueIdentifier>
    </Filter>
    <Filter Include="ImGui\02. UI_Object\03. UI_MainMenubar">
      <UniqueIdentifier>{2649f3b0-5ab0-492e-b694-9570f3ba98ff}</UniqueIdentifier>
    </Filter>
  </ItemGroup>
  <ItemGroup>
    <ClInclude Include="Client.h">
      <Filter>Default</Filter>
    </ClInclude>
    <ClInclude Include="framework.h">
      <Filter>Default</Filter>
    </ClInclude>
    <ClInclude Include="Resource.h">
      <Filter>Default</Filter>
    </ClInclude>
    <ClInclude Include="targetver.h">
      <Filter>Default</Filter>
    </ClInclude>
    <ClInclude Include="CEditorObjMgr.h">
      <Filter>CEditorObjMgr</Filter>
    </ClInclude>
    <ClInclude Include="pch.h">
      <Filter>Default</Filter>
    </ClInclude>
    <ClInclude Include="CImGuiMgr.h">
      <Filter>ImGui\00. Manager</Filter>
    </ClInclude>
    <ClInclude Include="CUI_Inspector.h">
      <Filter>ImGui\02. UI_Object\02. UI_Inspector</Filter>
    </ClInclude>
    <ClInclude Include="CUI_Component.h">
      <Filter>ImGui\02. UI_Object\02. UI_Inspector\ComponentUI</Filter>
    </ClInclude>
    <ClInclude Include="CUI_Transform.h">
      <Filter>ImGui\02. UI_Object\02. UI_Inspector\ComponentUI\00. Transform UI</Filter>
    </ClInclude>
    <ClInclude Include="CUI_Collider2D.h">
      <Filter>ImGui\02. UI_Object\02. UI_Inspector\ComponentUI\01. Collider2D UI</Filter>
    </ClInclude>
    <ClInclude Include="CUI_ScriptHolder.h">
      <Filter>ImGui\02. UI_Object\02. UI_Inspector\ComponentUI\13. ScriptHolder UI</Filter>
    </ClInclude>
    <ClInclude Include="CUI_Animator2D.h">
      <Filter>ImGui\02. UI_Object\02. UI_Inspector\ComponentUI\03. Animator2D UI</Filter>
    </ClInclude>
    <ClInclude Include="CUI_Camera.h">
      <Filter>ImGui\02. UI_Object\02. UI_Inspector\ComponentUI\07. Camera UI</Filter>
    </ClInclude>
    <ClInclude Include="CUI_Light2D.h">
      <Filter>ImGui\02. UI_Object\02. UI_Inspector\ComponentUI\05. Light2D UI</Filter>
    </ClInclude>
    <ClInclude Include="CUI_MeshRender.h">
      <Filter>ImGui\02. UI_Object\02. UI_Inspector\ComponentUI\08. MeshRender UI</Filter>
    </ClInclude>
    <ClInclude Include="CUI_Tilemap.h">
      <Filter>ImGui\02. UI_Object\02. UI_Inspector\ComponentUI\10. Tilemap UI</Filter>
    </ClInclude>
    <ClInclude Include="ImGui\imconfig.h">
      <Filter>ImGui\99. ImGuiSource</Filter>
    </ClInclude>
    <ClInclude Include="ImGui\imgui.h">
      <Filter>ImGui\99. ImGuiSource</Filter>
    </ClInclude>
    <ClInclude Include="ImGui\imgui_impl_dx11.h">
      <Filter>ImGui\99. ImGuiSource</Filter>
    </ClInclude>
    <ClInclude Include="ImGui\imgui_impl_win32.h">
      <Filter>ImGui\99. ImGuiSource</Filter>
    </ClInclude>
    <ClInclude Include="ImGui\imgui_internal.h">
      <Filter>ImGui\99. ImGuiSource</Filter>
    </ClInclude>
    <ClInclude Include="CUI.h">
      <Filter>ImGui\01. UI_Interface</Filter>
    </ClInclude>
    <ClInclude Include="CUI_Menu.h">
      <Filter>ImGui\01. UI_Interface</Filter>
    </ClInclude>
    <ClInclude Include="CUI_Menubar.h">
      <Filter>ImGui\01. UI_Interface</Filter>
    </ClInclude>
    <ClInclude Include="CUI_Widget.h">
      <Filter>ImGui\02. UI_Object\01. UI_Widget</Filter>
    </ClInclude>
    <ClInclude Include="CUI_ComboBox.h">
      <Filter>ImGui\02. UI_Object\01. UI_Widget</Filter>
    </ClInclude>
    <ClInclude Include="CUI_MainMenubar.h">
      <Filter>ImGui\02. UI_Object\03. UI_MainMenubar</Filter>
    </ClInclude>
    <ClInclude Include="CUI_MenuItemGroup.h">
      <Filter>ImGui\02. UI_Object\03. UI_MainMenubar</Filter>
    </ClInclude>
  </ItemGroup>
  <ItemGroup>
    <ResourceCompile Include="Client.rc">
      <Filter>리소스 파일</Filter>
    </ResourceCompile>
  </ItemGroup>
  <ItemGroup>
    <Image Include="small.ico">
      <Filter>리소스 파일</Filter>
    </Image>
    <Image Include="Client.ico">
      <Filter>리소스 파일</Filter>
    </Image>
  </ItemGroup>
  <ItemGroup>
    <ClCompile Include="main.cpp" />
    <ClCompile Include="CEditorObjMgr.cpp">
      <Filter>CEditorObjMgr</Filter>
    </ClCompile>
    <ClCompile Include="pch.cpp">
      <Filter>Default</Filter>
    </ClCompile>
    <ClCompile Include="CImGuiMgr.cpp">
      <Filter>ImGui\00. Manager</Filter>
    </ClCompile>
    <ClCompile Include="CUI_Inspector.cpp">
      <Filter>ImGui\02. UI_Object\02. UI_Inspector</Filter>
    </ClCompile>
    <ClCompile Include="CUI_Component.cpp">
      <Filter>ImGui\02. UI_Object\02. UI_Inspector\ComponentUI</Filter>
    </ClCompile>
    <ClCompile Include="CUI_Transform.cpp">
      <Filter>ImGui\02. UI_Object\02. UI_Inspector\ComponentUI\00. Transform UI</Filter>
    </ClCompile>
    <ClCompile Include="CUI_Collider2D.cpp">
      <Filter>ImGui\02. UI_Object\02. UI_Inspector\ComponentUI\01. Collider2D UI</Filter>
    </ClCompile>
    <ClCompile Include="CUI_ScriptHolder.cpp">
      <Filter>ImGui\02. UI_Object\02. UI_Inspector\ComponentUI\13. ScriptHolder UI</Filter>
    </ClCompile>
    <ClCompile Include="CUI_Animator2D.cpp">
      <Filter>ImGui\02. UI_Object\02. UI_Inspector\ComponentUI\03. Animator2D UI</Filter>
    </ClCompile>
    <ClCompile Include="CUI_Camera.cpp">
      <Filter>ImGui\02. UI_Object\02. UI_Inspector\ComponentUI\07. Camera UI</Filter>
    </ClCompile>
    <ClCompile Include="CUI_Light2D.cpp">
      <Filter>ImGui\02. UI_Object\02. UI_Inspector\ComponentUI\05. Light2D UI</Filter>
    </ClCompile>
    <ClCompile Include="CUI_MeshRender.cpp">
      <Filter>ImGui\02. UI_Object\02. UI_Inspector\ComponentUI\08. MeshRender UI</Filter>
    </ClCompile>
    <ClCompile Include="CUI_Tilemap.cpp">
      <Filter>ImGui\02. UI_Object\02. UI_Inspector\ComponentUI\10. Tilemap UI</Filter>
    </ClCompile>
    <ClCompile Include="ImGui\imgui.cpp">
      <Filter>ImGui\99. ImGuiSource</Filter>
    </ClCompile>
    <ClCompile Include="ImGui\imgui_demo.cpp">
      <Filter>ImGui\99. ImGuiSource</Filter>
    </ClCompile>
    <ClCompile Include="ImGui\imgui_draw.cpp">
      <Filter>ImGui\99. ImGuiSource</Filter>
    </ClCompile>
    <ClCompile Include="ImGui\imgui_impl_dx11.cpp">
      <Filter>ImGui\99. ImGuiSource</Filter>
    </ClCompile>
    <ClCompile Include="ImGui\imgui_impl_win32.cpp">
      <Filter>ImGui\99. ImGuiSource</Filter>
    </ClCompile>
    <ClCompile Include="ImGui\imgui_tables.cpp">
      <Filter>ImGui\99. ImGuiSource</Filter>
    </ClCompile>
    <ClCompile Include="ImGui\imgui_widgets.cpp">
      <Filter>ImGui\99. ImGuiSource</Filter>
    </ClCompile>
    <ClCompile Include="CUI.cpp">
      <Filter>ImGui\01. UI_Interface</Filter>
    </ClCompile>
    <ClCompile Include="CUI_Menu.cpp">
      <Filter>ImGui\01. UI_Interface</Filter>
    </ClCompile>
    <ClCompile Include="CUI_Menubar.cpp">
      <Filter>ImGui\01. UI_Interface</Filter>
    </ClCompile>
    <ClCompile Include="CUI_Widget.cpp">
      <Filter>ImGui\02. UI_Object\01. UI_Widget</Filter>
    </ClCompile>
    <ClCompile Include="CUI_ComboBox.cpp">
      <Filter>ImGui\02. UI_Object\01. UI_Widget</Filter>
    </ClCompile>
    <ClCompile Include="CUI_MainMenubar.cpp">
      <Filter>ImGui\02. UI_Object\03. UI_MainMenubar</Filter>
    </ClCompile>
    <ClCompile Include="CUI_MenuItemGroup.cpp">
      <Filter>ImGui\02. UI_Object\03. UI_MainMenubar</Filter>
    </ClCompile>
  </ItemGroup>
</Project>