<?xml version="1.0" encoding="utf-8"?>
<Project ToolsVersion="4.0" xmlns="http://schemas.microsoft.com/developer/msbuild/2003">
  <ItemGroup>
    <None Include="S_H_SCMapLoader.hlsli" />
    <None Include="S_H_SCUnitGround.hlsli" />
    <None Include="S_H_Tilemap_SC.hlsli" />
  </ItemGroup>
  <ItemGroup>
    <FxCompile Include="S_0_V_SCUnitGround.hlsl" />
    <FxCompile Include="S_0_V_Tilemap_SC.hlsl" />
    <FxCompile Include="S_4_P_BuildingStructure.hlsl" />
    <FxCompile Include="S_4_P_Mineral.hlsl" />
    <FxCompile Include="S_4_P_SCUnitGround.hlsl" />
    <FxCompile Include="S_4_P_Tilemap_SC.hlsl" />
    <FxCompile Include="S_4_P_VespineGeyser.hlsl" />
    <FxCompile Include="S_C_ParticleRainDrop.hlsl" />
    <FxCompile Include="S_C_SCMapLoader.hlsl" />
  </ItemGroup>
</Project>