<?xml version="1.0" encoding="utf-8"?>
<Project ToolsVersion="4.0" xmlns="http://schemas.microsoft.com/developer/msbuild/2003">
  <ItemGroup>
    <ClCompile Include="PCH_Contents.cpp" />
    <ClCompile Include="PCH_Contents.cpp" />
    <ClCompile Include="Scene_Title.cpp" />
    <ClCompile Include="PCH_Contents.cpp" />
    <ClCompile Include="Scene_Title.cpp" />
    <ClCompile Include="PCH_Contents.cpp">
      <Filter>Auto Generated</Filter>
    </ClCompile>
    <ClCompile Include="Scene_Title.cpp">
      <Filter>Auto Generated</Filter>
    </ClCompile>
    <ClCompile Include="PCH_Contents.cpp">
      <Filter>Auto Generated</Filter>
    </ClCompile>
    <ClCompile Include="Scene_Title.cpp">
      <Filter>Auto Generated</Filter>
    </ClCompile>
    <ClCompile Include="ContentsClassInitializer_Scene.cpp">
      <Filter>Auto Generated</Filter>
    </ClCompile>
    <ClCompile Include="ContentsClassInitializer_Script.cpp">
      <Filter>Auto Generated</Filter>
    </ClCompile>
    <ClCompile Include="PCH_Contents.cpp">
      <Filter>Auto Generated</Filter>
    </ClCompile>
    <ClCompile Include="Scene_Title.cpp">
      <Filter>Auto Generated</Filter>
    </ClCompile>
    <ClCompile Include="ContentsClassInitializer_Scene.cpp" />
    <ClCompile Include="ContentsClassInitializer_Script.cpp" />
    <ClCompile Include="PCH_Contents.cpp" />
    <ClCompile Include="Scene_Title.cpp" />
    <ClCompile Include="ContentsClassInitializer_Scene.cpp" />
    <ClCompile Include="ContentsClassInitializer_Script.cpp" />
    <ClCompile Include="PCH_Contents.cpp" />
    <ClCompile Include="Scene_Title.cpp" />
    <ClCompile Include="ContentsClassInitializer_Scene.cpp" />
    <ClCompile Include="ContentsClassInitializer_Script.cpp" />
    <ClCompile Include="PCH_Contents.cpp" />
    <ClCompile Include="Scene_Title.cpp" />
    <ClCompile Include="ContentsClassInitializer.cpp" />
    <ClCompile Include="ContentsClassInitializer_Scene.cpp" />
    <ClCompile Include="ContentsClassInitializer_Script.cpp" />
    <ClCompile Include="PCH_Contents.cpp" />
    <ClCompile Include="Scene_Title.cpp" />
    <ClCompile Include="ContentsClassInitializer.cpp" />
    <ClCompile Include="ContentsClassInitializer_Scene.cpp" />
    <ClCompile Include="ContentsClassInitializer_Script.cpp" />
    <ClCompile Include="PCH_Contents.cpp" />
    <ClCompile Include="Scene_Title.cpp" />
    <ClCompile Include="ContentsClassInitializer_Scene.cpp" />
    <ClCompile Include="ContentsClassInitializer_Script.cpp" />
    <ClCompile Include="PCH_Contents.cpp" />
    <ClCompile Include="Scene_Title.cpp" />
    <ClCompile Include="ContentsClassInitializer_Scene.cpp" />
    <ClCompile Include="ContentsClassInitializer_Script.cpp" />
    <ClCompile Include="PCH_Contents.cpp" />
    <ClCompile Include="Scene_Title.cpp" />
    <ClCompile Include="ContentsClassInitializer_Scene.cpp" />
    <ClCompile Include="ContentsClassInitializer_Script.cpp" />
    <ClCompile Include="PCH_Contents.cpp" />
    <ClCompile Include="Scene_Title.cpp" />
    <ClCompile Include="ContentsClassInitializer_Scene.cpp" />
    <ClCompile Include="ContentsClassInitializer_Script.cpp" />
    <ClCompile Include="Scene_Title.cpp" />
    <ClCompile Include="PCH_UserContents.cpp" />
    <ClCompile Include="Scene_Title.cpp" />
    <ClCompile Include="UserContentsInitializer.cpp" />
    <ClCompile Include="PCH_UserContents.cpp" />
    <ClCompile Include="Scene_Title.cpp" />
    <ClCompile Include="UserContentsInitializer.cpp" />
    <ClCompile Include="Com_TestComponent.cpp">
      <Filter>Init</Filter>
    </ClCompile>
    <ClCompile Include="CS_TilemapLoader.cpp">
      <Filter>Init</Filter>
    </ClCompile>
    <ClCompile Include="PCH_UserContents.cpp">
      <Filter>Init</Filter>
    </ClCompile>
    <ClCompile Include="Scene_Title.cpp">
      <Filter>Init</Filter>
    </ClCompile>
    <ClCompile Include="UserContentsInitializer.cpp">
      <Filter>Init</Filter>
    </ClCompile>
    <ClCompile Include="Com_TestComponent.cpp">
      <Filter>Auto Generated</Filter>
    </ClCompile>
    <ClCompile Include="CS_TilemapLoader.cpp">
      <Filter>Auto Generated</Filter>
    </ClCompile>
    <ClCompile Include="PCH_UserContents.cpp">
      <Filter>Auto Generated</Filter>
    </ClCompile>
    <ClCompile Include="Scene_Title.cpp">
      <Filter>Auto Generated</Filter>
    </ClCompile>
    <ClCompile Include="UserContentsInitializer.cpp">
      <Filter>Auto Generated</Filter>
    </ClCompile>
    <ClCompile Include="UserContentsInitializer_Component.cpp">
      <Filter>Auto Generated</Filter>
    </ClCompile>
    <ClCompile Include="UserContentsInitializer_Scene.cpp">
      <Filter>Auto Generated</Filter>
    </ClCompile>
    <ClCompile Include="UserContentsInitializer_Script.cpp">
      <Filter>Auto Generated</Filter>
    </ClCompile>
    <ClCompile Include="*.cpp">
      <Filter>Auto Generated</Filter>
    </ClCompile>
    <ClCompile Include="*.cpp">
      <Filter>Auto Generated</Filter>
    </ClCompile>
    <ClCompile Include="PCH_Contents.cpp">
      <Filter>PCH</Filter>
    </ClCompile>
    <ClCompile Include="*.cpp" />
    <ClCompile Include="*.cpp" />
    <ClCompile Include="*.cpp" />
    <ClCompile Include="*.cpp" />
    <ClCompile Include="*.cpp" />
    <ClCompile Include="*.cpp" />
    <ClCompile Include="*.cpp" />
    <ClCompile Include="*.cpp" />
    <ClCompile Include="*.cpp" />
    <ClCompile Include="*.cpp" />
    <ClCompile Include="*.cpp" />
    <ClCompile Include="*.cpp" />
    <ClCompile Include="*.cpp" />
    <ClCompile Include="*.cpp" />
    <ClCompile Include="*.cpp" />
    <ClCompile Include="*.cpp" />
    <ClCompile Include="*.cpp" />
    <ClCompile Include="*.cpp" />
    <ClCompile Include="*.cpp" />
    <ClCompile Include="*.cpp" />
    <ClCompile Include="*.cpp" />
    <ClCompile Include="*.cpp" />
    <ClCompile Include="*.cpp" />
    <ClCompile Include="*.cpp" />
    <ClCompile Include="*.cpp" />
    <ClCompile Include="*.cpp" />
    <ClCompile Include="*.cpp" />
    <ClCompile Include="*.cpp" />
    <ClCompile Include="*.cpp" />
    <ClCompile Include="*.cpp" />
    <ClCompile Include="*.cpp" />
    <ClCompile Include="*.cpp" />
    <ClCompile Include="*.cpp" />
    <ClCompile Include="*.cpp" />
    <ClCompile Include="*.cpp" />
    <ClCompile Include="*.cpp" />
    <ClCompile Include="*.cpp" />
    <ClCompile Include="*.cpp" />
    <ClCompile Include="*.cpp" />
    <ClCompile Include="*.cpp" />
    <ClCompile Include="*.cpp" />
    <ClCompile Include="*.cpp" />
    <ClCompile Include="*.cpp" />
    <ClCompile Include="*.cpp" />
    <ClCompile Include="ContentsClassInitializer_Scene.cpp">
      <Filter>Auto Generated</Filter>
    </ClCompile>
    <ClCompile Include="ContentsClassInitializer_Script.cpp">
      <Filter>Auto Generated</Filter>
    </ClCompile>
    <ClCompile Include="PCH_UserContents.cpp">
      <Filter>PCH</Filter>
    </ClCompile>
    <ClCompile Include="UserContentsInitializer.cpp" />
    <ClCompile Include="UserContentsInitializer_Scene.cpp">
      <Filter>Auto Generated</Filter>
    </ClCompile>
    <ClCompile Include="UserContentsInitializer_Script.cpp">
      <Filter>Auto Generated</Filter>
    </ClCompile>
    <ClCompile Include="UserContentsInitializer_Component.cpp">
      <Filter>Auto Generated</Filter>
    </ClCompile>
    <ClCompile Include="Com_TestComponent.cpp" />
    <ClCompile Include="Com_Renderer_TilemapSC.cpp">
      <Filter>Tilemap</Filter>
    </ClCompile>
    <ClCompile Include="Scene_Title.cpp">
      <Filter>Scene</Filter>
    </ClCompile>
    <ClCompile Include="PCH_UserContents.cpp" />
    <ClCompile Include="Com_TestComponent.cpp">
      <Filter>UserComponent</Filter>
    </ClCompile>
    <ClCompile Include="CS_TilemapLoader.cpp">
      <Filter>UserComponent</Filter>
    </ClCompile>
    <ClCompile Include="UserContentsInitializer_Script.cpp">
      <Filter>Auto Generated</Filter>
    </ClCompile>
    <ClCompile Include="UserContentsInitializer_Scene.cpp">
      <Filter>Auto Generated</Filter>
    </ClCompile>
    <ClCompile Include="UserContentsInitializer_Component.cpp">
      <Filter>Auto Generated</Filter>
    </ClCompile>
    <ClCompile Include="UserContentsInitializer_Component.cpp">
      <Filter>Auto Generated</Filter>
    </ClCompile>
    <ClCompile Include="UserContentsInitializer_Scene.cpp">
      <Filter>Auto Generated</Filter>
    </ClCompile>
    <ClCompile Include="UserContentsInitializer_Script.cpp">
      <Filter>Auto Generated</Filter>
    </ClCompile>
    <ClCompile Include="Com_TestComponent.cpp">
      <Filter>UserComponent</Filter>
    </ClCompile>
    <ClCompile Include="CS_TilemapLoader.cpp">
      <Filter>UserComponent</Filter>
    </ClCompile>
    <ClCompile Include="Scene_Title.cpp">
      <Filter>Scene</Filter>
    </ClCompile>
    <ClCompile Include="UserContentsInitializer_Component.cpp">
      <Filter>Auto Generated</Filter>
    </ClCompile>
    <ClCompile Include="UserContentsInitializer_Scene.cpp">
      <Filter>Auto Generated</Filter>
    </ClCompile>
    <ClCompile Include="UserContentsInitializer_Script.cpp">
      <Filter>Auto Generated</Filter>
    </ClCompile>
  </ItemGroup>
  <ItemGroup>
    <ClInclude Include="strKey_Scene.h">
      <Filter>Auto Generated</Filter>
    </ClInclude>
    <ClInclude Include="strKey_Script.h">
      <Filter>Auto Generated</Filter>
    </ClInclude>
    <ClInclude Include="strKey_Shader.h">
      <Filter>Auto Generated</Filter>
    </ClInclude>
    <ClInclude Include="UserContentsInitializer.h" />
    <ClInclude Include="strKey_UserComponent.h">
      <Filter>Auto Generated</Filter>
    </ClInclude>
    <ClInclude Include="Com_Renderer_TilemapSC.h">
      <Filter>Tilemap</Filter>
    </ClInclude>
    <ClInclude Include="define_SCMap.h">
      <Filter>Tilemap</Filter>
    </ClInclude>
    <ClInclude Include="Scene_Title.h">
      <Filter>Scene</Filter>
    </ClInclude>
    <ClInclude Include="PCH_UserContents.h" />
    <ClInclude Include="Com_TestComponent.h">
      <Filter>UserComponent</Filter>
    </ClInclude>
    <ClInclude Include="CS_TilemapLoader.h">
      <Filter>UserComponent</Filter>
    </ClInclude>
  </ItemGroup>
  <ItemGroup>
    <Filter Include="Auto Generated">
      <UniqueIdentifier>{98e37a8a-a2f3-46dd-91df-a371fc61baca}</UniqueIdentifier>
    </Filter>
    <Filter Include="Tilemap">
      <UniqueIdentifier>{a1e4dcc0-3411-4108-a6f0-8cf939d81a5f}</UniqueIdentifier>
    </Filter>
    <Filter Include="Scene">
      <UniqueIdentifier>{6173120e-9b84-48c0-83ea-5b6a9f726ef4}</UniqueIdentifier>
    </Filter>
    <Filter Include="UserComponent">
      <UniqueIdentifier>{32cda874-d185-44dd-a653-99c4ed33a985}</UniqueIdentifier>
    </Filter>
  </ItemGroup>
  <ItemGroup>
    <Text Include="strKey_Script.txt">
      <Filter>Auto Generated</Filter>
    </Text>
    <Text Include="strKey_Scene.txt">
      <Filter>Auto Generated</Filter>
    </Text>
    <Text Include="strKey_Shader.txt">
      <Filter>Auto Generated</Filter>
    </Text>
    <Text Include="strKey_UserComponent.txt">
      <Filter>Auto Generated</Filter>
    </Text>
    <Text Include="UserContentsInitializer_Scene.txt">
      <Filter>Auto Generated</Filter>
    </Text>
    <Text Include="UserContentsInitializer_Script.txt">
      <Filter>Auto Generated</Filter>
    </Text>
    <Text Include="UserContentsInitializer_Component.txt">
      <Filter>Auto Generated</Filter>
    </Text>
  </ItemGroup>
</Project>