<?xml version="1.0" encoding="utf-8"?>
<Project ToolsVersion="4.0" xmlns="http://schemas.microsoft.com/developer/msbuild/2003">
  <ItemGroup>
    <Filter Include="Default Headers">
      <UniqueIdentifier>{3cba218a-ac2e-4522-9876-90dcae8fe9ee}</UniqueIdentifier>
    </Filter>
    <Filter Include="Sample">
      <UniqueIdentifier>{860083db-9b9f-4ad9-9f4f-c0c9db955d66}</UniqueIdentifier>
    </Filter>
    <Filter Include="SCTilemap">
      <UniqueIdentifier>{a404360e-8bef-4e3d-a463-4bc4ed541bb5}</UniqueIdentifier>
    </Filter>
  </ItemGroup>
  <ItemGroup>
    <FxCompile Include="Sample\VS_Sample.hlsl">
      <Filter>Sample</Filter>
    </FxCompile>
    <FxCompile Include="Sample\HS_Sample.hlsl">
      <Filter>Sample</Filter>
    </FxCompile>
    <FxCompile Include="Sample\DS_Sample.hlsl">
      <Filter>Sample</Filter>
    </FxCompile>
    <FxCompile Include="Sample\GS_Sample.hlsl">
      <Filter>Sample</Filter>
    </FxCompile>
    <FxCompile Include="Sample\PS_Sample.hlsl">
      <Filter>Sample</Filter>
    </FxCompile>
    <FxCompile Include="SCTilemap\CS_SCTilemapLoader.hlsl">
      <Filter>SCTilemap</Filter>
    </FxCompile>
    <FxCompile Include="SCTilemap\VS_SCTilemap.hlsl">
      <Filter>SCTilemap</Filter>
    </FxCompile>
    <FxCompile Include="SCTilemap\PS_SCTilemap.hlsl">
      <Filter>SCTilemap</Filter>
    </FxCompile>
  </ItemGroup>
  <ItemGroup>
    <None Include="SCTilemap\SCTilemapLoader.hlsli">
      <Filter>SCTilemap</Filter>
    </None>
  </ItemGroup>
  <ItemGroup>
    <Text Include="FoundShaders.txt" />
  </ItemGroup>
</Project>