<?xml version="1.0" encoding="utf-8"?>
<Project ToolsVersion="4.0" xmlns="http://schemas.microsoft.com/developer/msbuild/2003">
  <ItemGroup>
    <Filter Include="Default Headers">
      <UniqueIdentifier>{3cba218a-ac2e-4522-9876-90dcae8fe9ee}</UniqueIdentifier>
    </Filter>
    <Filter Include="Sample">
      <UniqueIdentifier>{860083db-9b9f-4ad9-9f4f-c0c9db955d66}</UniqueIdentifier>
    </Filter>
    <Filter Include="SCTilemap">
      <UniqueIdentifier>{a404360e-8bef-4e3d-a463-4bc4ed541bb5}</UniqueIdentifier>
    </Filter>
  </ItemGroup>
  <ItemGroup>
    <FxCompile Include="VS_Sample.hlsl">
      <Filter>Sample</Filter>
    </FxCompile>
    <FxCompile Include="HS_Sample.hlsl">
      <Filter>Sample</Filter>
    </FxCompile>
    <FxCompile Include="DS_Sample.hlsl">
      <Filter>Sample</Filter>
    </FxCompile>
    <FxCompile Include="GS_Sample.hlsl">
      <Filter>Sample</Filter>
    </FxCompile>
    <FxCompile Include="PS_Sample.hlsl">
      <Filter>Sample</Filter>
    </FxCompile>
    <FxCompile Include="CS_SCTilemapLoader.hlsl">
      <Filter>SCTilemap</Filter>
    </FxCompile>
    <FxCompile Include="VS_SCTilemap.hlsl">
      <Filter>SCTilemap</Filter>
    </FxCompile>
    <FxCompile Include="PS_SCTilemap.hlsl">
      <Filter>SCTilemap</Filter>
    </FxCompile>
  </ItemGroup>
  <ItemGroup>
    <None Include="DefaultShader\_3D.hlsli">
      <Filter>Default Headers</Filter>
    </None>
    <None Include="DefaultShader\Animation2D.hlsli">
      <Filter>Default Headers</Filter>
    </None>
    <None Include="DefaultShader\Common.hlsli">
      <Filter>Default Headers</Filter>
    </None>
    <None Include="DefaultShader\CommonStruct.hlsli">
      <Filter>Default Headers</Filter>
    </None>
    <None Include="DefaultShader\ConstBuffer.hlsli">
      <Filter>Default Headers</Filter>
    </None>
    <None Include="DefaultShader\Func_Animation3D.hlsli">
      <Filter>Default Headers</Filter>
    </None>
    <None Include="DefaultShader\Func_Blur.hlsli">
      <Filter>Default Headers</Filter>
    </None>
    <None Include="DefaultShader\Func_DecodeColor.hlsli">
      <Filter>Default Headers</Filter>
    </None>
    <None Include="DefaultShader\Func_Light.hlsli">
      <Filter>Default Headers</Filter>
    </None>
    <None Include="DefaultShader\Functions.hlsli">
      <Filter>Default Headers</Filter>
    </None>
    <None Include="DefaultShader\Globals.hlsli">
      <Filter>Default Headers</Filter>
    </None>
    <None Include="DefaultShader\Grid.hlsli">
      <Filter>Default Headers</Filter>
    </None>
    <None Include="DefaultShader\Light.hlsli">
      <Filter>Default Headers</Filter>
    </None>
    <None Include="DefaultShader\NormalConverter.hlsli">
      <Filter>Default Headers</Filter>
    </None>
    <None Include="DefaultShader\Particle.hlsli">
      <Filter>Default Headers</Filter>
    </None>
    <None Include="DefaultShader\PostProcess.hlsli">
      <Filter>Default Headers</Filter>
    </None>
    <None Include="DefaultShader\Resource.hlsli">
      <Filter>Default Headers</Filter>
    </None>
    <None Include="DefaultShader\Sampler.hlsli">
      <Filter>Default Headers</Filter>
    </None>
    <None Include="DefaultShader\UserInterface.hlsli">
      <Filter>Default Headers</Filter>
    </None>
    <None Include="SCTilemapLoader.hlsli">
      <Filter>SCTilemap</Filter>
    </None>
    <None Include="DefaultShader\Func_Bitwise.hlsli">
      <Filter>Default Headers</Filter>
    </None>
  </ItemGroup>
</Project>